// !$*UTF8*$!
{
	archiveVersion = 1;
	classes = {
	};
	objectVersion = 56;
	objects = {

/* Begin PBXBuildFile section */
		2E670A702C2D55FF00EBA6D3 /* AppDelegate.swift in Sources */ = {isa = PBXBuildFile; fileRef = 2E670A6F2C2D55FF00EBA6D3 /* AppDelegate.swift */; };
		2E670A722C2D55FF00EBA6D3 /* SceneDelegate.swift in Sources */ = {isa = PBXBuildFile; fileRef = 2E670A712C2D55FF00EBA6D3 /* SceneDelegate.swift */; };
		2E670A742C2D55FF00EBA6D3 /* ViewController.swift in Sources */ = {isa = PBXBuildFile; fileRef = 2E670A732C2D55FF00EBA6D3 /* ViewController.swift */; };
		2E670A772C2D55FF00EBA6D3 /* Base in Resources */ = {isa = PBXBuildFile; fileRef = 2E670A762C2D55FF00EBA6D3 /* Base */; };
		2E670A792C2D560000EBA6D3 /* Assets.xcassets in Resources */ = {isa = PBXBuildFile; fileRef = 2E670A782C2D560000EBA6D3 /* Assets.xcassets */; };
		2E670A7C2C2D560000EBA6D3 /* Base in Resources */ = {isa = PBXBuildFile; fileRef = 2E670A7B2C2D560000EBA6D3 /* Base */; };
		2E670A842C2DA35700EBA6D3 /* Podfile in Resources */ = {isa = PBXBuildFile; fileRef = 2E670A832C2DA35700EBA6D3 /* Podfile */; };
		2E670A862C30448D00EBA6D3 /* CacheManager.swift in Sources */ = {isa = PBXBuildFile; fileRef = 2E670A852C30448D00EBA6D3 /* CacheManager.swift */; };
		2E670A882C3046D500EBA6D3 /* Regex.swift in Sources */ = {isa = PBXBuildFile; fileRef = 2E670A872C3046D500EBA6D3 /* Regex.swift */; };
		2E670A8A2C30471700EBA6D3 /* SignInManager.swift in Sources */ = {isa = PBXBuildFile; fileRef = 2E670A892C30471700EBA6D3 /* SignInManager.swift */; };
		2E670A8C2C30476000EBA6D3 /* StrokeUILabel.swift in Sources */ = {isa = PBXBuildFile; fileRef = 2E670A8B2C30476000EBA6D3 /* StrokeUILabel.swift */; };
		2E670A8E2C30479E00EBA6D3 /* Colors.swift in Sources */ = {isa = PBXBuildFile; fileRef = 2E670A8D2C30479E00EBA6D3 /* Colors.swift */; };
		2E670A902C3047D500EBA6D3 /* GeohashBox.swift in Sources */ = {isa = PBXBuildFile; fileRef = 2E670A8F2C3047D500EBA6D3 /* GeohashBox.swift */; };
		2E670A922C30480B00EBA6D3 /* Geohash.swift in Sources */ = {isa = PBXBuildFile; fileRef = 2E670A912C30480A00EBA6D3 /* Geohash.swift */; };
		2E670A942C30484000EBA6D3 /* APICaller.swift in Sources */ = {isa = PBXBuildFile; fileRef = 2E670A932C30484000EBA6D3 /* APICaller.swift */; };
		2E670A962C30486B00EBA6D3 /* DataFetchManager.swift in Sources */ = {isa = PBXBuildFile; fileRef = 2E670A952C30486B00EBA6D3 /* DataFetchManager.swift */; };
		2E670A982C3048CA00EBA6D3 /* Constant.swift in Sources */ = {isa = PBXBuildFile; fileRef = 2E670A972C3048CA00EBA6D3 /* Constant.swift */; };
		D9E5DA9CED1FA78875BA9B32 /* Pods_MiniProject.framework in Frameworks */ = {isa = PBXBuildFile; fileRef = AC1D4569B6E7DBC2F6F78A70 /* Pods_MiniProject.framework */; };
/* End PBXBuildFile section */

/* Begin PBXFileReference section */
		2E670A6C2C2D55FF00EBA6D3 /* MiniProject.app */ = {isa = PBXFileReference; explicitFileType = wrapper.application; includeInIndex = 0; path = MiniProject.app; sourceTree = BUILT_PRODUCTS_DIR; };
		2E670A6F2C2D55FF00EBA6D3 /* AppDelegate.swift */ = {isa = PBXFileReference; lastKnownFileType = sourcecode.swift; path = AppDelegate.swift; sourceTree = "<group>"; };
		2E670A712C2D55FF00EBA6D3 /* SceneDelegate.swift */ = {isa = PBXFileReference; lastKnownFileType = sourcecode.swift; path = SceneDelegate.swift; sourceTree = "<group>"; };
		2E670A732C2D55FF00EBA6D3 /* ViewController.swift */ = {isa = PBXFileReference; lastKnownFileType = sourcecode.swift; path = ViewController.swift; sourceTree = "<group>"; };
		2E670A762C2D55FF00EBA6D3 /* Base */ = {isa = PBXFileReference; lastKnownFileType = file.storyboard; name = Base; path = Base.lproj/Main.storyboard; sourceTree = "<group>"; };
		2E670A782C2D560000EBA6D3 /* Assets.xcassets */ = {isa = PBXFileReference; lastKnownFileType = folder.assetcatalog; path = Assets.xcassets; sourceTree = "<group>"; };
		2E670A7B2C2D560000EBA6D3 /* Base */ = {isa = PBXFileReference; lastKnownFileType = file.storyboard; name = Base; path = Base.lproj/LaunchScreen.storyboard; sourceTree = "<group>"; };
		2E670A7D2C2D560000EBA6D3 /* Info.plist */ = {isa = PBXFileReference; lastKnownFileType = text.plist.xml; path = Info.plist; sourceTree = "<group>"; };
		2E670A832C2DA35700EBA6D3 /* Podfile */ = {isa = PBXFileReference; lastKnownFileType = text; path = Podfile; sourceTree = "<group>"; };
		2E670A852C30448D00EBA6D3 /* CacheManager.swift */ = {isa = PBXFileReference; lastKnownFileType = sourcecode.swift; path = CacheManager.swift; sourceTree = "<group>"; };
		2E670A872C3046D500EBA6D3 /* Regex.swift */ = {isa = PBXFileReference; lastKnownFileType = sourcecode.swift; path = Regex.swift; sourceTree = "<group>"; };
		2E670A892C30471700EBA6D3 /* SignInManager.swift */ = {isa = PBXFileReference; lastKnownFileType = sourcecode.swift; path = SignInManager.swift; sourceTree = "<group>"; };
		2E670A8B2C30476000EBA6D3 /* StrokeUILabel.swift */ = {isa = PBXFileReference; lastKnownFileType = sourcecode.swift; path = StrokeUILabel.swift; sourceTree = "<group>"; };
		2E670A8D2C30479E00EBA6D3 /* Colors.swift */ = {isa = PBXFileReference; lastKnownFileType = sourcecode.swift; path = Colors.swift; sourceTree = "<group>"; };
		2E670A8F2C3047D500EBA6D3 /* GeohashBox.swift */ = {isa = PBXFileReference; lastKnownFileType = sourcecode.swift; path = GeohashBox.swift; sourceTree = "<group>"; };
		2E670A912C30480A00EBA6D3 /* Geohash.swift */ = {isa = PBXFileReference; lastKnownFileType = sourcecode.swift; path = Geohash.swift; sourceTree = "<group>"; };
		2E670A932C30484000EBA6D3 /* APICaller.swift */ = {isa = PBXFileReference; lastKnownFileType = sourcecode.swift; path = APICaller.swift; sourceTree = "<group>"; };
		2E670A952C30486B00EBA6D3 /* DataFetchManager.swift */ = {isa = PBXFileReference; lastKnownFileType = sourcecode.swift; path = DataFetchManager.swift; sourceTree = "<group>"; };
		2E670A972C3048CA00EBA6D3 /* Constant.swift */ = {isa = PBXFileReference; lastKnownFileType = sourcecode.swift; path = Constant.swift; sourceTree = "<group>"; };
		8E8FDD7B5A32B613FBBD6779 /* Pods-MiniProject.release.xcconfig */ = {isa = PBXFileReference; includeInIndex = 1; lastKnownFileType = text.xcconfig; name = "Pods-MiniProject.release.xcconfig"; path = "Target Support Files/Pods-MiniProject/Pods-MiniProject.release.xcconfig"; sourceTree = "<group>"; };
		8FF00F2FE6845908F1AA29DE /* Pods-MiniProject.debug.xcconfig */ = {isa = PBXFileReference; includeInIndex = 1; lastKnownFileType = text.xcconfig; name = "Pods-MiniProject.debug.xcconfig"; path = "Target Support Files/Pods-MiniProject/Pods-MiniProject.debug.xcconfig"; sourceTree = "<group>"; };
		AC1D4569B6E7DBC2F6F78A70 /* Pods_MiniProject.framework */ = {isa = PBXFileReference; explicitFileType = wrapper.framework; includeInIndex = 0; path = Pods_MiniProject.framework; sourceTree = BUILT_PRODUCTS_DIR; };
/* End PBXFileReference section */

/* Begin PBXFrameworksBuildPhase section */
		2E670A692C2D55FF00EBA6D3 /* Frameworks */ = {
			isa = PBXFrameworksBuildPhase;
			buildActionMask = 2147483647;
			files = (
				D9E5DA9CED1FA78875BA9B32 /* Pods_MiniProject.framework in Frameworks */,
			);
			runOnlyForDeploymentPostprocessing = 0;
		};
/* End PBXFrameworksBuildPhase section */

/* Begin PBXGroup section */
		2E670A632C2D55FF00EBA6D3 = {
			isa = PBXGroup;
			children = (
				2E670A832C2DA35700EBA6D3 /* Podfile */,
				2E670A6E2C2D55FF00EBA6D3 /* MiniProject */,
				2E670A6D2C2D55FF00EBA6D3 /* Products */,
				3F547BBAAA474CD50C35558E /* Pods */,
				79984C417DA90C347B0B8153 /* Frameworks */,
			);
			sourceTree = "<group>";
		};
		2E670A6D2C2D55FF00EBA6D3 /* Products */ = {
			isa = PBXGroup;
			children = (
				2E670A6C2C2D55FF00EBA6D3 /* MiniProject.app */,
			);
			name = Products;
			sourceTree = "<group>";
		};
		2E670A6E2C2D55FF00EBA6D3 /* MiniProject */ = {
			isa = PBXGroup;
			children = (
				2E670A6F2C2D55FF00EBA6D3 /* AppDelegate.swift */,
				2E670A712C2D55FF00EBA6D3 /* SceneDelegate.swift */,
				2E670A732C2D55FF00EBA6D3 /* ViewController.swift */,
				2E670A752C2D55FF00EBA6D3 /* Main.storyboard */,
				2E670A8B2C30476000EBA6D3 /* StrokeUILabel.swift */,
				2E670A872C3046D500EBA6D3 /* Regex.swift */,
				2E670A932C30484000EBA6D3 /* APICaller.swift */,
				2E670A8F2C3047D500EBA6D3 /* GeohashBox.swift */,
				2E670A972C3048CA00EBA6D3 /* Constant.swift */,
				2E670A912C30480A00EBA6D3 /* Geohash.swift */,
				2E670A852C30448D00EBA6D3 /* CacheManager.swift */,
				2E670A952C30486B00EBA6D3 /* DataFetchManager.swift */,
				2E670A892C30471700EBA6D3 /* SignInManager.swift */,
				2E670A8D2C30479E00EBA6D3 /* Colors.swift */,
				2E670A782C2D560000EBA6D3 /* Assets.xcassets */,
				2E670A7A2C2D560000EBA6D3 /* LaunchScreen.storyboard */,
				2E670A7D2C2D560000EBA6D3 /* Info.plist */,
			);
			path = MiniProject;
			sourceTree = "<group>";
		};
		3F547BBAAA474CD50C35558E /* Pods */ = {
			isa = PBXGroup;
			children = (
				8FF00F2FE6845908F1AA29DE /* Pods-MiniProject.debug.xcconfig */,
				8E8FDD7B5A32B613FBBD6779 /* Pods-MiniProject.release.xcconfig */,
			);
			path = Pods;
			sourceTree = "<group>";
		};
		79984C417DA90C347B0B8153 /* Frameworks */ = {
			isa = PBXGroup;
			children = (
				AC1D4569B6E7DBC2F6F78A70 /* Pods_MiniProject.framework */,
			);
			name = Frameworks;
			sourceTree = "<group>";
		};
/* End PBXGroup section */

/* Begin PBXNativeTarget section */
		2E670A6B2C2D55FF00EBA6D3 /* MiniProject */ = {
			isa = PBXNativeTarget;
			buildConfigurationList = 2E670A802C2D560000EBA6D3 /* Build configuration list for PBXNativeTarget "MiniProject" */;
			buildPhases = (
				F649CE01D6059C287368A6C7 /* [CP] Check Pods Manifest.lock */,
				2E670A682C2D55FF00EBA6D3 /* Sources */,
				2E670A692C2D55FF00EBA6D3 /* Frameworks */,
				2E670A6A2C2D55FF00EBA6D3 /* Resources */,
				8DD704D1D9A9DAE325ADB34B /* [CP] Copy Pods Resources */,
				9013D6EAF05C7F8E31D8F7C3 /* [CP] Embed Pods Frameworks */,
			);
			buildRules = (
			);
			dependencies = (
			);
			name = MiniProject;
			productName = MiniProject;
			productReference = 2E670A6C2C2D55FF00EBA6D3 /* MiniProject.app */;
			productType = "com.apple.product-type.application";
		};
/* End PBXNativeTarget section */

/* Begin PBXProject section */
		2E670A642C2D55FF00EBA6D3 /* Project object */ = {
			isa = PBXProject;
			attributes = {
				BuildIndependentTargetsInParallel = 1;
				LastSwiftUpdateCheck = 1540;
				LastUpgradeCheck = 1540;
				TargetAttributes = {
					2E670A6B2C2D55FF00EBA6D3 = {
						CreatedOnToolsVersion = 15.4;
					};
				};
			};
			buildConfigurationList = 2E670A672C2D55FF00EBA6D3 /* Build configuration list for PBXProject "MiniProject" */;
			compatibilityVersion = "Xcode 14.0";
			developmentRegion = en;
			hasScannedForEncodings = 0;
			knownRegions = (
				en,
				Base,
			);
			mainGroup = 2E670A632C2D55FF00EBA6D3;
			productRefGroup = 2E670A6D2C2D55FF00EBA6D3 /* Products */;
			projectDirPath = "";
			projectRoot = "";
			targets = (
				2E670A6B2C2D55FF00EBA6D3 /* MiniProject */,
			);
		};
/* End PBXProject section */

/* Begin PBXResourcesBuildPhase section */
		2E670A6A2C2D55FF00EBA6D3 /* Resources */ = {
			isa = PBXResourcesBuildPhase;
			buildActionMask = 2147483647;
			files = (
				2E670A792C2D560000EBA6D3 /* Assets.xcassets in Resources */,
				2E670A7C2C2D560000EBA6D3 /* Base in Resources */,
				2E670A842C2DA35700EBA6D3 /* Podfile in Resources */,
				2E670A772C2D55FF00EBA6D3 /* Base in Resources */,
			);
			runOnlyForDeploymentPostprocessing = 0;
		};
/* End PBXResourcesBuildPhase section */

/* Begin PBXShellScriptBuildPhase section */
		8DD704D1D9A9DAE325ADB34B /* [CP] Copy Pods Resources */ = {
			isa = PBXShellScriptBuildPhase;
			buildActionMask = 2147483647;
			files = (
			);
			inputFileListPaths = (
				"${PODS_ROOT}/Target Support Files/Pods-MiniProject/Pods-MiniProject-resources-${CONFIGURATION}-input-files.xcfilelist",
			);
			name = "[CP] Copy Pods Resources";
			outputFileListPaths = (
				"${PODS_ROOT}/Target Support Files/Pods-MiniProject/Pods-MiniProject-resources-${CONFIGURATION}-output-files.xcfilelist",
			);
			runOnlyForDeploymentPostprocessing = 0;
			shellPath = /bin/sh;
			shellScript = "\"${PODS_ROOT}/Target Support Files/Pods-MiniProject/Pods-MiniProject-resources.sh\"\n";
			showEnvVarsInLog = 0;
		};
		9013D6EAF05C7F8E31D8F7C3 /* [CP] Embed Pods Frameworks */ = {
			isa = PBXShellScriptBuildPhase;
			buildActionMask = 2147483647;
			files = (
			);
			inputFileListPaths = (
				"${PODS_ROOT}/Target Support Files/Pods-MiniProject/Pods-MiniProject-frameworks-${CONFIGURATION}-input-files.xcfilelist",
			);
			name = "[CP] Embed Pods Frameworks";
			outputFileListPaths = (
				"${PODS_ROOT}/Target Support Files/Pods-MiniProject/Pods-MiniProject-frameworks-${CONFIGURATION}-output-files.xcfilelist",
			);
			runOnlyForDeploymentPostprocessing = 0;
			shellPath = /bin/sh;
			shellScript = "\"${PODS_ROOT}/Target Support Files/Pods-MiniProject/Pods-MiniProject-frameworks.sh\"\n";
			showEnvVarsInLog = 0;
		};
		F649CE01D6059C287368A6C7 /* [CP] Check Pods Manifest.lock */ = {
			isa = PBXShellScriptBuildPhase;
			buildActionMask = 2147483647;
			files = (
			);
			inputFileListPaths = (
			);
			inputPaths = (
				"${PODS_PODFILE_DIR_PATH}/Podfile.lock",
				"${PODS_ROOT}/Manifest.lock",
			);
			name = "[CP] Check Pods Manifest.lock";
			outputFileListPaths = (
			);
			outputPaths = (
				"$(DERIVED_FILE_DIR)/Pods-MiniProject-checkManifestLockResult.txt",
			);
			runOnlyForDeploymentPostprocessing = 0;
			shellPath = /bin/sh;
			shellScript = "diff \"${PODS_PODFILE_DIR_PATH}/Podfile.lock\" \"${PODS_ROOT}/Manifest.lock\" > /dev/null\nif [ $? != 0 ] ; then\n    # print error to STDERR\n    echo \"error: The sandbox is not in sync with the Podfile.lock. Run 'pod install' or update your CocoaPods installation.\" >&2\n    exit 1\nfi\n# This output is used by Xcode 'outputs' to avoid re-running this script phase.\necho \"SUCCESS\" > \"${SCRIPT_OUTPUT_FILE_0}\"\n";
			showEnvVarsInLog = 0;
		};
/* End PBXShellScriptBuildPhase section */

/* Begin PBXSourcesBuildPhase section */
		2E670A682C2D55FF00EBA6D3 /* Sources */ = {
			isa = PBXSourcesBuildPhase;
			buildActionMask = 2147483647;
			files = (
				2E670A962C30486B00EBA6D3 /* DataFetchManager.swift in Sources */,
				2E670A862C30448D00EBA6D3 /* CacheManager.swift in Sources */,
				2E670A902C3047D500EBA6D3 /* GeohashBox.swift in Sources */,
				2E670A8E2C30479E00EBA6D3 /* Colors.swift in Sources */,
				2E670A8C2C30476000EBA6D3 /* StrokeUILabel.swift in Sources */,
				2E670A882C3046D500EBA6D3 /* Regex.swift in Sources */,
				2E670A742C2D55FF00EBA6D3 /* ViewController.swift in Sources */,
				2E670A8A2C30471700EBA6D3 /* SignInManager.swift in Sources */,
				2E670A922C30480B00EBA6D3 /* Geohash.swift in Sources */,
				2E670A982C3048CA00EBA6D3 /* Constant.swift in Sources */,
				2E670A942C30484000EBA6D3 /* APICaller.swift in Sources */,
				2E670A702C2D55FF00EBA6D3 /* AppDelegate.swift in Sources */,
				2E670A722C2D55FF00EBA6D3 /* SceneDelegate.swift in Sources */,
			);
			runOnlyForDeploymentPostprocessing = 0;
		};
/* End PBXSourcesBuildPhase section */

/* Begin PBXVariantGroup section */
		2E670A752C2D55FF00EBA6D3 /* Main.storyboard */ = {
			isa = PBXVariantGroup;
			children = (
				2E670A762C2D55FF00EBA6D3 /* Base */,
			);
			name = Main.storyboard;
			sourceTree = "<group>";
		};
		2E670A7A2C2D560000EBA6D3 /* LaunchScreen.storyboard */ = {
			isa = PBXVariantGroup;
			children = (
				2E670A7B2C2D560000EBA6D3 /* Base */,
			);
			name = LaunchScreen.storyboard;
			sourceTree = "<group>";
		};
/* End PBXVariantGroup section */

/* Begin XCBuildConfiguration section */
		2E670A7E2C2D560000EBA6D3 /* Debug */ = {
			isa = XCBuildConfiguration;
			buildSettings = {
				ALWAYS_SEARCH_USER_PATHS = NO;
				ASSETCATALOG_COMPILER_GENERATE_SWIFT_ASSET_SYMBOL_EXTENSIONS = YES;
				CLANG_ANALYZER_NONNULL = YES;
				CLANG_ANALYZER_NUMBER_OBJECT_CONVERSION = YES_AGGRESSIVE;
				CLANG_CXX_LANGUAGE_STANDARD = "gnu++20";
				CLANG_ENABLE_MODULES = YES;
				CLANG_ENABLE_OBJC_ARC = YES;
				CLANG_ENABLE_OBJC_WEAK = YES;
				CLANG_WARN_BLOCK_CAPTURE_AUTORELEASING = YES;
				CLANG_WARN_BOOL_CONVERSION = YES;
				CLANG_WARN_COMMA = YES;
				CLANG_WARN_CONSTANT_CONVERSION = YES;
				CLANG_WARN_DEPRECATED_OBJC_IMPLEMENTATIONS = YES;
				CLANG_WARN_DIRECT_OBJC_ISA_USAGE = YES_ERROR;
				CLANG_WARN_DOCUMENTATION_COMMENTS = YES;
				CLANG_WARN_EMPTY_BODY = YES;
				CLANG_WARN_ENUM_CONVERSION = YES;
				CLANG_WARN_INFINITE_RECURSION = YES;
				CLANG_WARN_INT_CONVERSION = YES;
				CLANG_WARN_NON_LITERAL_NULL_CONVERSION = YES;
				CLANG_WARN_OBJC_IMPLICIT_RETAIN_SELF = YES;
				CLANG_WARN_OBJC_LITERAL_CONVERSION = YES;
				CLANG_WARN_OBJC_ROOT_CLASS = YES_ERROR;
				CLANG_WARN_QUOTED_INCLUDE_IN_FRAMEWORK_HEADER = YES;
				CLANG_WARN_RANGE_LOOP_ANALYSIS = YES;
				CLANG_WARN_STRICT_PROTOTYPES = YES;
				CLANG_WARN_SUSPICIOUS_MOVE = YES;
				CLANG_WARN_UNGUARDED_AVAILABILITY = YES_AGGRESSIVE;
				CLANG_WARN_UNREACHABLE_CODE = YES;
				CLANG_WARN__DUPLICATE_METHOD_MATCH = YES;
				COPY_PHASE_STRIP = NO;
				DEBUG_INFORMATION_FORMAT = dwarf;
				ENABLE_STRICT_OBJC_MSGSEND = YES;
				ENABLE_TESTABILITY = YES;
				ENABLE_USER_SCRIPT_SANDBOXING = YES;
				GCC_C_LANGUAGE_STANDARD = gnu17;
				GCC_DYNAMIC_NO_PIC = NO;
				GCC_NO_COMMON_BLOCKS = YES;
				GCC_OPTIMIZATION_LEVEL = 0;
				GCC_PREPROCESSOR_DEFINITIONS = (
					"DEBUG=1",
					"$(inherited)",
				);
				GCC_WARN_64_TO_32_BIT_CONVERSION = YES;
				GCC_WARN_ABOUT_RETURN_TYPE = YES_ERROR;
				GCC_WARN_UNDECLARED_SELECTOR = YES;
				GCC_WARN_UNINITIALIZED_AUTOS = YES_AGGRESSIVE;
				GCC_WARN_UNUSED_FUNCTION = YES;
				GCC_WARN_UNUSED_VARIABLE = YES;
				IPHONEOS_DEPLOYMENT_TARGET = 17.5;
				LOCALIZATION_PREFERS_STRING_CATALOGS = YES;
				MTL_ENABLE_DEBUG_INFO = INCLUDE_SOURCE;
				MTL_FAST_MATH = YES;
				ONLY_ACTIVE_ARCH = YES;
				SDKROOT = iphoneos;
				SWIFT_ACTIVE_COMPILATION_CONDITIONS = "DEBUG $(inherited)";
				SWIFT_OPTIMIZATION_LEVEL = "-Onone";
			};
			name = Debug;
		};
		2E670A7F2C2D560000EBA6D3 /* Release */ = {
			isa = XCBuildConfiguration;
			buildSettings = {
				ALWAYS_SEARCH_USER_PATHS = NO;
				ASSETCATALOG_COMPILER_GENERATE_SWIFT_ASSET_SYMBOL_EXTENSIONS = YES;
				CLANG_ANALYZER_NONNULL = YES;
				CLANG_ANALYZER_NUMBER_OBJECT_CONVERSION = YES_AGGRESSIVE;
				CLANG_CXX_LANGUAGE_STANDARD = "gnu++20";
				CLANG_ENABLE_MODULES = YES;
				CLANG_ENABLE_OBJC_ARC = YES;
				CLANG_ENABLE_OBJC_WEAK = YES;
				CLANG_WARN_BLOCK_CAPTURE_AUTORELEASING = YES;
				CLANG_WARN_BOOL_CONVERSION = YES;
				CLANG_WARN_COMMA = YES;
				CLANG_WARN_CONSTANT_CONVERSION = YES;
				CLANG_WARN_DEPRECATED_OBJC_IMPLEMENTATIONS = YES;
				CLANG_WARN_DIRECT_OBJC_ISA_USAGE = YES_ERROR;
				CLANG_WARN_DOCUMENTATION_COMMENTS = YES;
				CLANG_WARN_EMPTY_BODY = YES;
				CLANG_WARN_ENUM_CONVERSION = YES;
				CLANG_WARN_INFINITE_RECURSION = YES;
				CLANG_WARN_INT_CONVERSION = YES;
				CLANG_WARN_NON_LITERAL_NULL_CONVERSION = YES;
				CLANG_WARN_OBJC_IMPLICIT_RETAIN_SELF = YES;
				CLANG_WARN_OBJC_LITERAL_CONVERSION = YES;
				CLANG_WARN_OBJC_ROOT_CLASS = YES_ERROR;
				CLANG_WARN_QUOTED_INCLUDE_IN_FRAMEWORK_HEADER = YES;
				CLANG_WARN_RANGE_LOOP_ANALYSIS = YES;
				CLANG_WARN_STRICT_PROTOTYPES = YES;
				CLANG_WARN_SUSPICIOUS_MOVE = YES;
				CLANG_WARN_UNGUARDED_AVAILABILITY = YES_AGGRESSIVE;
				CLANG_WARN_UNREACHABLE_CODE = YES;
				CLANG_WARN__DUPLICATE_METHOD_MATCH = YES;
				COPY_PHASE_STRIP = NO;
				DEBUG_INFORMATION_FORMAT = "dwarf-with-dsym";
				ENABLE_NS_ASSERTIONS = NO;
				ENABLE_STRICT_OBJC_MSGSEND = YES;
				ENABLE_USER_SCRIPT_SANDBOXING = YES;
				GCC_C_LANGUAGE_STANDARD = gnu17;
				GCC_NO_COMMON_BLOCKS = YES;
				GCC_WARN_64_TO_32_BIT_CONVERSION = YES;
				GCC_WARN_ABOUT_RETURN_TYPE = YES_ERROR;
				GCC_WARN_UNDECLARED_SELECTOR = YES;
				GCC_WARN_UNINITIALIZED_AUTOS = YES_AGGRESSIVE;
				GCC_WARN_UNUSED_FUNCTION = YES;
				GCC_WARN_UNUSED_VARIABLE = YES;
				IPHONEOS_DEPLOYMENT_TARGET = 17.5;
				LOCALIZATION_PREFERS_STRING_CATALOGS = YES;
				MTL_ENABLE_DEBUG_INFO = NO;
				MTL_FAST_MATH = YES;
				SDKROOT = iphoneos;
				SWIFT_COMPILATION_MODE = wholemodule;
				VALIDATE_PRODUCT = YES;
			};
			name = Release;
		};
		2E670A812C2D560000EBA6D3 /* Debug */ = {
			isa = XCBuildConfiguration;
			baseConfigurationReference = 8FF00F2FE6845908F1AA29DE /* Pods-MiniProject.debug.xcconfig */;
			buildSettings = {
				ASSETCATALOG_COMPILER_APPICON_NAME = AppIcon;
				ASSETCATALOG_COMPILER_GLOBAL_ACCENT_COLOR_NAME = AccentColor;
				CODE_SIGN_STYLE = Automatic;
				CURRENT_PROJECT_VERSION = 1;
				DEVELOPMENT_TEAM = 6C9AGPWCYH;
				ENABLE_USER_SCRIPT_SANDBOXING = NO;
				GENERATE_INFOPLIST_FILE = YES;
				INFOPLIST_FILE = MiniProject/Info.plist;
				INFOPLIST_KEY_UIApplicationSupportsIndirectInputEvents = YES;
				INFOPLIST_KEY_UILaunchStoryboardName = LaunchScreen;
				INFOPLIST_KEY_UIMainStoryboardFile = Main;
				INFOPLIST_KEY_UIStatusBarStyle = "";
				INFOPLIST_KEY_UISupportedInterfaceOrientations = UIInterfaceOrientationPortrait;
				IPHONEOS_DEPLOYMENT_TARGET = 15.0;
				LD_RUNPATH_SEARCH_PATHS = (
					"$(inherited)",
					"@executable_path/Frameworks",
				);
				MARKETING_VERSION = 1.0;
				PRODUCT_BUNDLE_IDENTIFIER = com.ddm.MiniProject;
				PRODUCT_NAME = "$(TARGET_NAME)";
				SWIFT_EMIT_LOC_STRINGS = YES;
				SWIFT_VERSION = 5.0;
				TARGETED_DEVICE_FAMILY = "1,2";
			};
			name = Debug;
		};
		2E670A822C2D560000EBA6D3 /* Release */ = {
			isa = XCBuildConfiguration;
			baseConfigurationReference = 8E8FDD7B5A32B613FBBD6779 /* Pods-MiniProject.release.xcconfig */;
			buildSettings = {
				ASSETCATALOG_COMPILER_APPICON_NAME = AppIcon;
				ASSETCATALOG_COMPILER_GLOBAL_ACCENT_COLOR_NAME = AccentColor;
				CODE_SIGN_STYLE = Automatic;
				CURRENT_PROJECT_VERSION = 1;
				DEVELOPMENT_TEAM = 6C9AGPWCYH;
				ENABLE_USER_SCRIPT_SANDBOXING = NO;
				GENERATE_INFOPLIST_FILE = YES;
				INFOPLIST_FILE = MiniProject/Info.plist;
				INFOPLIST_KEY_UIApplicationSupportsIndirectInputEvents = YES;
				INFOPLIST_KEY_UILaunchStoryboardName = LaunchScreen;
				INFOPLIST_KEY_UIMainStoryboardFile = Main;
				INFOPLIST_KEY_UIStatusBarStyle = "";
				INFOPLIST_KEY_UISupportedInterfaceOrientations = UIInterfaceOrientationPortrait;
				IPHONEOS_DEPLOYMENT_TARGET = 15.0;
				LD_RUNPATH_SEARCH_PATHS = (
					"$(inherited)",
					"@executable_path/Frameworks",
				);
				MARKETING_VERSION = 1.0;
				PRODUCT_BUNDLE_IDENTIFIER = com.ddm.MiniProject;
				PRODUCT_NAME = "$(TARGET_NAME)";
				SWIFT_EMIT_LOC_STRINGS = YES;
				SWIFT_VERSION = 5.0;
				TARGETED_DEVICE_FAMILY = "1,2";
			};
			name = Release;
		};
/* End XCBuildConfiguration section */

/* Begin XCConfigurationList section */
		2E670A672C2D55FF00EBA6D3 /* Build configuration list for PBXProject "MiniProject" */ = {
			isa = XCConfigurationList;
			buildConfigurations = (
				2E670A7E2C2D560000EBA6D3 /* Debug */,
				2E670A7F2C2D560000EBA6D3 /* Release */,
			);
			defaultConfigurationIsVisible = 0;
			defaultConfigurationName = Release;
		};
		2E670A802C2D560000EBA6D3 /* Build configuration list for PBXNativeTarget "MiniProject" */ = {
			isa = XCConfigurationList;
			buildConfigurations = (
				2E670A812C2D560000EBA6D3 /* Debug */,
				2E670A822C2D560000EBA6D3 /* Release */,
			);
			defaultConfigurationIsVisible = 0;
			defaultConfigurationName = Release;
		};
/* End XCConfigurationList section */
	};
	rootObject = 2E670A642C2D55FF00EBA6D3 /* Project object */;
}
