// !$*UTF8*$!
{
	archiveVersion = 1;
	classes = {
	};
	objectVersion = 56;
	objects = {

/* Begin PBXBuildFile section */
		2E670A702C2D55FF00EBA6D3 /* AppDelegate.swift in Sources */ = {isa = PBXBuildFile; fileRef = 2E670A6F2C2D55FF00EBA6D3 /* AppDelegate.swift */; };
		2E670A722C2D55FF00EBA6D3 /* SceneDelegate.swift in Sources */ = {isa = PBXBuildFile; fileRef = 2E670A712C2D55FF00EBA6D3 /* SceneDelegate.swift */; };
		2E670A742C2D55FF00EBA6D3 /* ViewController.swift in Sources */ = {isa = PBXBuildFile; fileRef = 2E670A732C2D55FF00EBA6D3 /* ViewController.swift */; };
		2E670A772C2D55FF00EBA6D3 /* Base in Resources */ = {isa = PBXBuildFile; fileRef = 2E670A762C2D55FF00EBA6D3 /* Base */; };
		2E670A792C2D560000EBA6D3 /* Assets.xcassets in Resources */ = {isa = PBXBuildFile; fileRef = 2E670A782C2D560000EBA6D3 /* Assets.xcassets */; };
		2E670A7C2C2D560000EBA6D3 /* Base in Resources */ = {isa = PBXBuildFile; fileRef = 2E670A7B2C2D560000EBA6D3 /* Base */; };
		2E670A842C2DA35700EBA6D3 /* Podfile in Resources */ = {isa = PBXBuildFile; fileRef = 2E670A832C2DA35700EBA6D3 /* Podfile */; };
		2E670A862C30448D00EBA6D3 /* CacheManager.swift in Sources */ = {isa = PBXBuildFile; fileRef = 2E670A852C30448D00EBA6D3 /* CacheManager.swift */; };
		2E670A882C3046D500EBA6D3 /* Regex.swift in Sources */ = {isa = PBXBuildFile; fileRef = 2E670A872C3046D500EBA6D3 /* Regex.swift */; };
		2E670A8A2C30471700EBA6D3 /* SignInManager.swift in Sources */ = {isa = PBXBuildFile; fileRef = 2E670A892C30471700EBA6D3 /* SignInManager.swift */; };
		2E670A8C2C30476000EBA6D3 /* StrokeUILabel.swift in Sources */ = {isa = PBXBuildFile; fileRef = 2E670A8B2C30476000EBA6D3 /* StrokeUILabel.swift */; };
		2E670A8E2C30479E00EBA6D3 /* Colors.swift in Sources */ = {isa = PBXBuildFile; fileRef = 2E670A8D2C30479E00EBA6D3 /* Colors.swift */; };
		2E670A902C3047D500EBA6D3 /* GeohashBox.swift in Sources */ = {isa = PBXBuildFile; fileRef = 2E670A8F2C3047D500EBA6D3 /* GeohashBox.swift */; };
		2E670A922C30480B00EBA6D3 /* Geohash.swift in Sources */ = {isa = PBXBuildFile; fileRef = 2E670A912C30480A00EBA6D3 /* Geohash.swift */; };
		2E670A942C30484000EBA6D3 /* APICaller.swift in Sources */ = {isa = PBXBuildFile; fileRef = 2E670A932C30484000EBA6D3 /* APICaller.swift */; };
		2E670A962C30486B00EBA6D3 /* DataFetchManager.swift in Sources */ = {isa = PBXBuildFile; fileRef = 2E670A952C30486B00EBA6D3 /* DataFetchManager.swift */; };
		2E670A982C3048CA00EBA6D3 /* Constant.swift in Sources */ = {isa = PBXBuildFile; fileRef = 2E670A972C3048CA00EBA6D3 /* Constant.swift */; };
		2E670A9B2C30FC8500EBA6D3 /* PanelView.swift in Sources */ = {isa = PBXBuildFile; fileRef = 2E670A9A2C30FC8500EBA6D3 /* PanelView.swift */; };
		2E670A9D2C30FCCF00EBA6D3 /* ShareSheetScrollableView.swift in Sources */ = {isa = PBXBuildFile; fileRef = 2E670A9C2C30FCCF00EBA6D3 /* ShareSheetScrollableView.swift */; };
		2E670A9F2C30FDA200EBA6D3 /* CreateAccountEmailPanelView.swift in Sources */ = {isa = PBXBuildFile; fileRef = 2E670A9E2C30FDA200EBA6D3 /* CreateAccountEmailPanelView.swift */; };
		2E670AA12C30FE1300EBA6D3 /* PhotoZoomPanelView.swift in Sources */ = {isa = PBXBuildFile; fileRef = 2E670AA02C30FE1300EBA6D3 /* PhotoZoomPanelView.swift */; };
		2E670AA32C30FE4A00EBA6D3 /* VideoPanelView.swift in Sources */ = {isa = PBXBuildFile; fileRef = 2E670AA22C30FE4A00EBA6D3 /* VideoPanelView.swift */; };
		2E670AA52C30FE9A00EBA6D3 /* VideoDraftPanelView.swift in Sources */ = {isa = PBXBuildFile; fileRef = 2E670AA42C30FE9A00EBA6D3 /* VideoDraftPanelView.swift */; };
		2E670AA72C30FED000EBA6D3 /* PostDraftPanelView.swift in Sources */ = {isa = PBXBuildFile; fileRef = 2E670AA62C30FED000EBA6D3 /* PostDraftPanelView.swift */; };
		2E670AA92C30FEF900EBA6D3 /* PhotoEditorPanelView.swift in Sources */ = {isa = PBXBuildFile; fileRef = 2E670AA82C30FEF900EBA6D3 /* PhotoEditorPanelView.swift */; };
		2E670AAB2C30FF2500EBA6D3 /* VideoEditorPanelView.swift in Sources */ = {isa = PBXBuildFile; fileRef = 2E670AAA2C30FF2500EBA6D3 /* VideoEditorPanelView.swift */; };
		2E670AAD2C30FF5000EBA6D3 /* PhotoCreatorConsolePanelView.swift in Sources */ = {isa = PBXBuildFile; fileRef = 2E670AAC2C30FF5000EBA6D3 /* PhotoCreatorConsolePanelView.swift */; };
		2E670AAF2C30FF8F00EBA6D3 /* VideoPreviewPanelView.swift in Sources */ = {isa = PBXBuildFile; fileRef = 2E670AAE2C30FF8F00EBA6D3 /* VideoPreviewPanelView.swift */; };
		2E670AB12C30FFBE00EBA6D3 /* VideoFinalizePanelView.swift in Sources */ = {isa = PBXBuildFile; fileRef = 2E670AB02C30FFBE00EBA6D3 /* VideoFinalizePanelView.swift */; };
		2E670AB32C30FFE600EBA6D3 /* PlaceDraftPanelView.swift in Sources */ = {isa = PBXBuildFile; fileRef = 2E670AB22C30FFE600EBA6D3 /* PlaceDraftPanelView.swift */; };
		2E670AB52C31001500EBA6D3 /* LocationSelectScrollablePanelView.swift in Sources */ = {isa = PBXBuildFile; fileRef = 2E670AB42C31001500EBA6D3 /* LocationSelectScrollablePanelView.swift */; };
		2E670AB72C31006000EBA6D3 /* CreatorPanelView.swift in Sources */ = {isa = PBXBuildFile; fileRef = 2E670AB62C31006000EBA6D3 /* CreatorPanelView.swift */; };
		2E670AB92C31008400EBA6D3 /* PhotoDraftPanelView.swift in Sources */ = {isa = PBXBuildFile; fileRef = 2E670AB82C31008400EBA6D3 /* PhotoDraftPanelView.swift */; };
		2E670ABB2C3100AB00EBA6D3 /* CreateSelectPanelView.swift in Sources */ = {isa = PBXBuildFile; fileRef = 2E670ABA2C3100AB00EBA6D3 /* CreateSelectPanelView.swift */; };
		2E670ABD2C3100D300EBA6D3 /* ScrollablePanelView.swift in Sources */ = {isa = PBXBuildFile; fileRef = 2E670ABC2C3100D300EBA6D3 /* ScrollablePanelView.swift */; };
		2E670ABF2C31010A00EBA6D3 /* VideoCreatorConsolePanelView.swift in Sources */ = {isa = PBXBuildFile; fileRef = 2E670ABE2C31010A00EBA6D3 /* VideoCreatorConsolePanelView.swift */; };
		2E670AC12C31013F00EBA6D3 /* CameraVideoRollPanelView.swift in Sources */ = {isa = PBXBuildFile; fileRef = 2E670AC02C31013F00EBA6D3 /* CameraVideoRollPanelView.swift */; };
		2E670AC32C31016400EBA6D3 /* PostPanelView.swift in Sources */ = {isa = PBXBuildFile; fileRef = 2E670AC22C31016400EBA6D3 /* PostPanelView.swift */; };
		2E670AC52C31018B00EBA6D3 /* MultiSelectedCell.swift in Sources */ = {isa = PBXBuildFile; fileRef = 2E670AC42C31018B00EBA6D3 /* MultiSelectedCell.swift */; };
		2E670AC72C3101AE00EBA6D3 /* CameraPhotoRollPanelView.swift in Sources */ = {isa = PBXBuildFile; fileRef = 2E670AC62C3101AE00EBA6D3 /* CameraPhotoRollPanelView.swift */; };
		2E670AC92C3101CD00EBA6D3 /* PlacesMiniScrollablePanelView.swift in Sources */ = {isa = PBXBuildFile; fileRef = 2E670AC82C3101CD00EBA6D3 /* PlacesMiniScrollablePanelView.swift */; };
		2E670ACB2C31021300EBA6D3 /* SoundScrollablePanelView.swift in Sources */ = {isa = PBXBuildFile; fileRef = 2E670ACA2C31021300EBA6D3 /* SoundScrollablePanelView.swift */; };
		2E670ACD2C31023D00EBA6D3 /* PlaceSelectPanelView.swift in Sources */ = {isa = PBXBuildFile; fileRef = 2E670ACC2C31023D00EBA6D3 /* PlaceSelectPanelView.swift */; };
		2E670ACF2C31026100EBA6D3 /* PostCreatorConsolePanelView.swift in Sources */ = {isa = PBXBuildFile; fileRef = 2E670ACE2C31026100EBA6D3 /* PostCreatorConsolePanelView.swift */; };
		2E670AD12C31028200EBA6D3 /* PhotoPanelView.swift in Sources */ = {isa = PBXBuildFile; fileRef = 2E670AD02C31028200EBA6D3 /* PhotoPanelView.swift */; };
		2E670AD32C3102A600EBA6D3 /* UserCreatorConsolePanelView.swift in Sources */ = {isa = PBXBuildFile; fileRef = 2E670AD22C3102A600EBA6D3 /* UserCreatorConsolePanelView.swift */; };
		2E670AD52C3102C700EBA6D3 /* UsersMiniScrollablePanelView.swift in Sources */ = {isa = PBXBuildFile; fileRef = 2E670AD42C3102C700EBA6D3 /* UsersMiniScrollablePanelView.swift */; };
		2E670AD72C3102E700EBA6D3 /* CommentScrollableView.swift in Sources */ = {isa = PBXBuildFile; fileRef = 2E670AD62C3102E700EBA6D3 /* CommentScrollableView.swift */; };
		2E670AD92C31030900EBA6D3 /* PlaceCreatorConsolePanelView.swift in Sources */ = {isa = PBXBuildFile; fileRef = 2E670AD82C31030900EBA6D3 /* PlaceCreatorConsolePanelView.swift */; };
		2E670ADB2C31033300EBA6D3 /* PhotoFinalizePanelView.swift in Sources */ = {isa = PBXBuildFile; fileRef = 2E670ADA2C31033300EBA6D3 /* PhotoFinalizePanelView.swift */; };
		2E670ADD2C31035100EBA6D3 /* PhotoDetailPanelView.swift in Sources */ = {isa = PBXBuildFile; fileRef = 2E670ADC2C31035100EBA6D3 /* PhotoDetailPanelView.swift */; };
		2E670ADF2C3103A200EBA6D3 /* LoginPanelView.swift in Sources */ = {isa = PBXBuildFile; fileRef = 2E670ADE2C3103A200EBA6D3 /* LoginPanelView.swift */; };
		2E670AE12C3103C000EBA6D3 /* PlaceScrollablePanelView.swift in Sources */ = {isa = PBXBuildFile; fileRef = 2E670AE02C3103C000EBA6D3 /* PlaceScrollablePanelView.swift */; };
		2E670AE32C3103DD00EBA6D3 /* PostDetailPanelView.swift in Sources */ = {isa = PBXBuildFile; fileRef = 2E670AE22C3103DD00EBA6D3 /* PostDetailPanelView.swift */; };
		2E670AE52C3103FB00EBA6D3 /* SearchPanelView.swift in Sources */ = {isa = PBXBuildFile; fileRef = 2E670AE42C3103FB00EBA6D3 /* SearchPanelView.swift */; };
		2E670AE72C31041B00EBA6D3 /* MePanelView.swift in Sources */ = {isa = PBXBuildFile; fileRef = 2E670AE62C31041B00EBA6D3 /* MePanelView.swift */; };
		2E670AE92C31043900EBA6D3 /* NotifyPanelView.swift in Sources */ = {isa = PBXBuildFile; fileRef = 2E670AE82C31043900EBA6D3 /* NotifyPanelView.swift */; };
		2E670AEB2C31045900EBA6D3 /* UserScrollablePanelView.swift in Sources */ = {isa = PBXBuildFile; fileRef = 2E670AEA2C31045900EBA6D3 /* UserScrollablePanelView.swift */; };
		2E670AEE2C3106AA00EBA6D3 /* HResultSoundListViewCell.swift in Sources */ = {isa = PBXBuildFile; fileRef = 2E670AED2C3106AA00EBA6D3 /* HResultSoundListViewCell.swift */; };
		2E670AF02C3106CE00EBA6D3 /* HListViewCell.swift in Sources */ = {isa = PBXBuildFile; fileRef = 2E670AEF2C3106CE00EBA6D3 /* HListViewCell.swift */; };
		2E670AF22C3106EF00EBA6D3 /* HPostListBViewCell.swift in Sources */ = {isa = PBXBuildFile; fileRef = 2E670AF12C3106EF00EBA6D3 /* HPostListBViewCell.swift */; };
		2E670AF42C31071300EBA6D3 /* HResultLocationListViewCell.swift in Sources */ = {isa = PBXBuildFile; fileRef = 2E670AF32C31071300EBA6D3 /* HResultLocationListViewCell.swift */; };
		2E670AF62C31073200EBA6D3 /* HPhotoListBViewCell.swift in Sources */ = {isa = PBXBuildFile; fileRef = 2E670AF52C31073200EBA6D3 /* HPhotoListBViewCell.swift */; };
		2E670AF82C31075500EBA6D3 /* GridVideoViewCell.swift in Sources */ = {isa = PBXBuildFile; fileRef = 2E670AF72C31075500EBA6D3 /* GridVideoViewCell.swift */; };
		2E670AFA2C3107D200EBA6D3 /* HMultiLocationViewCell.swift in Sources */ = {isa = PBXBuildFile; fileRef = 2E670AF92C3107D200EBA6D3 /* HMultiLocationViewCell.swift */; };
		2E670AFC2C3107F100EBA6D3 /* HPlacesListViewCell.swift in Sources */ = {isa = PBXBuildFile; fileRef = 2E670AFB2C3107F100EBA6D3 /* HPlacesListViewCell.swift */; };
		2E670AFE2C31080E00EBA6D3 /* VGridColumnViewCell.swift in Sources */ = {isa = PBXBuildFile; fileRef = 2E670AFD2C31080E00EBA6D3 /* VGridColumnViewCell.swift */; };
		2E670B002C31082B00EBA6D3 /* HResultPostListViewCell.swift in Sources */ = {isa = PBXBuildFile; fileRef = 2E670AFF2C31082B00EBA6D3 /* HResultPostListViewCell.swift */; };
		2E670B022C31085B00EBA6D3 /* GridVideo2xViewCell.swift in Sources */ = {isa = PBXBuildFile; fileRef = 2E670B012C31085B00EBA6D3 /* GridVideo2xViewCell.swift */; };
		2E670B042C31087800EBA6D3 /* GridVideoRollViewCell.swift in Sources */ = {isa = PBXBuildFile; fileRef = 2E670B032C31087800EBA6D3 /* GridVideoRollViewCell.swift */; };
		2E670B062C31089800EBA6D3 /* GridPhotoRollViewCell.swift in Sources */ = {isa = PBXBuildFile; fileRef = 2E670B052C31089800EBA6D3 /* GridPhotoRollViewCell.swift */; };
		2E670B082C3108B800EBA6D3 /* HCommentListViewCell.swift in Sources */ = {isa = PBXBuildFile; fileRef = 2E670B072C3108B800EBA6D3 /* HCommentListViewCell.swift */; };
		2E670B0A2C3108D600EBA6D3 /* HResultHashtagListViewCell.swift in Sources */ = {isa = PBXBuildFile; fileRef = 2E670B092C3108D600EBA6D3 /* HResultHashtagListViewCell.swift */; };
		2E670B0C2C3108F200EBA6D3 /* HUsersListViewCell.swift in Sources */ = {isa = PBXBuildFile; fileRef = 2E670B0B2C3108F200EBA6D3 /* HUsersListViewCell.swift */; };
		2E670B0E2C31091000EBA6D3 /* HNotifyInboxListViewCell.swift in Sources */ = {isa = PBXBuildFile; fileRef = 2E670B0D2C31091000EBA6D3 /* HNotifyInboxListViewCell.swift */; };
		2E670B102C31092B00EBA6D3 /* HPostListAViewCell.swift in Sources */ = {isa = PBXBuildFile; fileRef = 2E670B0F2C31092B00EBA6D3 /* HPostListAViewCell.swift */; };
		2E670B122C31094A00EBA6D3 /* VCAViewCell.swift in Sources */ = {isa = PBXBuildFile; fileRef = 2E670B112C31094A00EBA6D3 /* VCAViewCell.swift */; };
		2E670B142C31096B00EBA6D3 /* VCBViewCell.swift in Sources */ = {isa = PBXBuildFile; fileRef = 2E670B132C31096B00EBA6D3 /* VCBViewCell.swift */; };
		2E670B162C31098B00EBA6D3 /* HResultUserListViewCell.swift in Sources */ = {isa = PBXBuildFile; fileRef = 2E670B152C31098B00EBA6D3 /* HResultUserListViewCell.swift */; };
		2E670B182C3109AA00EBA6D3 /* HPhotoListAViewCell.swift in Sources */ = {isa = PBXBuildFile; fileRef = 2E670B172C3109AA00EBA6D3 /* HPhotoListAViewCell.swift */; };
		2E670B1A2C3109C600EBA6D3 /* GridPhotoViewCell.swift in Sources */ = {isa = PBXBuildFile; fileRef = 2E670B192C3109C600EBA6D3 /* GridPhotoViewCell.swift */; };
		2E670B1C2C3109EC00EBA6D3 /* DiscoverColumnViewCell.swift in Sources */ = {isa = PBXBuildFile; fileRef = 2E670B1B2C3109EC00EBA6D3 /* DiscoverColumnViewCell.swift */; };
		2E670B1E2C310A1400EBA6D3 /* GridPhoto2xViewCell.swift in Sources */ = {isa = PBXBuildFile; fileRef = 2E670B1D2C310A1400EBA6D3 /* GridPhoto2xViewCell.swift */; };
		2E670B202C310A3500EBA6D3 /* HNotifyChatListViewCell.swift in Sources */ = {isa = PBXBuildFile; fileRef = 2E670B1F2C310A3500EBA6D3 /* HNotifyChatListViewCell.swift */; };
		2E670B242C31203300EBA6D3 /* SpinLoader.swift in Sources */ = {isa = PBXBuildFile; fileRef = 2E670B232C31203300EBA6D3 /* SpinLoader.swift */; };
		2E670B262C3120BB00EBA6D3 /* QueueableView.swift in Sources */ = {isa = PBXBuildFile; fileRef = 2E670B252C3120BB00EBA6D3 /* QueueableView.swift */; };
		2E670B282C3120DF00EBA6D3 /* PulseWave.swift in Sources */ = {isa = PBXBuildFile; fileRef = 2E670B272C3120DF00EBA6D3 /* PulseWave.swift */; };
		2E670B2A2C3120FE00EBA6D3 /* SavePostDraftMsg.swift in Sources */ = {isa = PBXBuildFile; fileRef = 2E670B292C3120FE00EBA6D3 /* SavePostDraftMsg.swift */; };
		2E670B2C2C31212600EBA6D3 /* PlaceMarker.swift in Sources */ = {isa = PBXBuildFile; fileRef = 2E670B2B2C31212600EBA6D3 /* PlaceMarker.swift */; };
		2E670B2E2C31215000EBA6D3 /* GetCameraMsg.swift in Sources */ = {isa = PBXBuildFile; fileRef = 2E670B2D2C31215000EBA6D3 /* GetCameraMsg.swift */; };
		2E670B302C31216F00EBA6D3 /* SGestureScrollView.swift in Sources */ = {isa = PBXBuildFile; fileRef = 2E670B2F2C31216F00EBA6D3 /* SGestureScrollView.swift */; };
		2E670B322C31219200EBA6D3 /* LiveLMarker.swift in Sources */ = {isa = PBXBuildFile; fileRef = 2E670B312C31219200EBA6D3 /* LiveLMarker.swift */; };
		2E670B342C3121B100EBA6D3 /* PageBubbleIndicator.swift in Sources */ = {isa = PBXBuildFile; fileRef = 2E670B332C3121B100EBA6D3 /* PageBubbleIndicator.swift */; };
		2E670B362C3121D700EBA6D3 /* SavePlaceDraftMsg.swift in Sources */ = {isa = PBXBuildFile; fileRef = 2E670B352C3121D700EBA6D3 /* SavePlaceDraftMsg.swift */; };
		2E670B382C3121FB00EBA6D3 /* PlaceAMarker.swift in Sources */ = {isa = PBXBuildFile; fileRef = 2E670B372C3121FB00EBA6D3 /* PlaceAMarker.swift */; };
		2E670B3A2C31222A00EBA6D3 /* MapZoomView.swift in Sources */ = {isa = PBXBuildFile; fileRef = 2E670B392C31222A00EBA6D3 /* MapZoomView.swift */; };
		2E670B3C2C31224900EBA6D3 /* GetStorageMsg.swift in Sources */ = {isa = PBXBuildFile; fileRef = 2E670B3B2C31224900EBA6D3 /* GetStorageMsg.swift */; };
		2E670B3E2C31226700EBA6D3 /* ExitVideoEditorMsg.swift in Sources */ = {isa = PBXBuildFile; fileRef = 2E670B3D2C31226700EBA6D3 /* ExitVideoEditorMsg.swift */; };
		2E670B402C31228900EBA6D3 /* GetLocationMsg.swift in Sources */ = {isa = PBXBuildFile; fileRef = 2E670B3F2C31228900EBA6D3 /* GetLocationMsg.swift */; };
		2E670B422C3122A700EBA6D3 /* TabStack.swift in Sources */ = {isa = PBXBuildFile; fileRef = 2E670B412C3122A700EBA6D3 /* TabStack.swift */; };
		2E670B442C3122C200EBA6D3 /* LocationPinMarker.swift in Sources */ = {isa = PBXBuildFile; fileRef = 2E670B432C3122C200EBA6D3 /* LocationPinMarker.swift */; };
		2E670B462C3122E300EBA6D3 /* UserMarker.swift in Sources */ = {isa = PBXBuildFile; fileRef = 2E670B452C3122E300EBA6D3 /* UserMarker.swift */; };
		2E670B482C31230000EBA6D3 /* PlaceBMarker.swift in Sources */ = {isa = PBXBuildFile; fileRef = 2E670B472C31230000EBA6D3 /* PlaceBMarker.swift */; };
		2E670B4A2C31232700EBA6D3 /* SoundMarker.swift in Sources */ = {isa = PBXBuildFile; fileRef = 2E670B492C31232700EBA6D3 /* SoundMarker.swift */; };
		2E670B4C2C31234500EBA6D3 /* MiniApp.swift in Sources */ = {isa = PBXBuildFile; fileRef = 2E670B4B2C31234500EBA6D3 /* MiniApp.swift */; };
		2E670B4E2C31236400EBA6D3 /* Marker.swift in Sources */ = {isa = PBXBuildFile; fileRef = 2E670B4D2C31236400EBA6D3 /* Marker.swift */; };
		2E670B502C31238100EBA6D3 /* ExploreMarker.swift in Sources */ = {isa = PBXBuildFile; fileRef = 2E670B4F2C31238100EBA6D3 /* ExploreMarker.swift */; };
		2E670B522C3123C800EBA6D3 /* ScrollFeedHResultLocationListCell.swift in Sources */ = {isa = PBXBuildFile; fileRef = 2E670B512C3123C800EBA6D3 /* ScrollFeedHResultLocationListCell.swift */; };
		2E670B542C3123E800EBA6D3 /* ScrollFeedHResultSoundListCell.swift in Sources */ = {isa = PBXBuildFile; fileRef = 2E670B532C3123E800EBA6D3 /* ScrollFeedHResultSoundListCell.swift */; };
		2E670B562C31240700EBA6D3 /* ScrollFeedVideoCell.swift in Sources */ = {isa = PBXBuildFile; fileRef = 2E670B552C31240700EBA6D3 /* ScrollFeedVideoCell.swift */; };
		2E670B582C31243A00EBA6D3 /* ScrollFeedGridPhoto2xViewCell.swift in Sources */ = {isa = PBXBuildFile; fileRef = 2E670B572C31243A00EBA6D3 /* ScrollFeedGridPhoto2xViewCell.swift */; };
		2E670B5A2C31245800EBA6D3 /* ScrollFeedHResultPhotoListCell.swift in Sources */ = {isa = PBXBuildFile; fileRef = 2E670B592C31245800EBA6D3 /* ScrollFeedHResultPhotoListCell.swift */; };
		2E670B5C2C31248400EBA6D3 /* ScrollFeedGridPhoto3xViewCell.swift in Sources */ = {isa = PBXBuildFile; fileRef = 2E670B5B2C31248400EBA6D3 /* ScrollFeedGridPhoto3xViewCell.swift */; };
		2E670B5E2C3124A700EBA6D3 /* ScrollFeedCell.swift in Sources */ = {isa = PBXBuildFile; fileRef = 2E670B5D2C3124A700EBA6D3 /* ScrollFeedCell.swift */; };
		2E670B602C3124E000EBA6D3 /* ScrollFeedHPhotoListCell.swift in Sources */ = {isa = PBXBuildFile; fileRef = 2E670B5F2C3124E000EBA6D3 /* ScrollFeedHPhotoListCell.swift */; };
		2E670B622C31250100EBA6D3 /* ScrollFeedHPostListCell.swift in Sources */ = {isa = PBXBuildFile; fileRef = 2E670B612C31250100EBA6D3 /* ScrollFeedHPostListCell.swift */; };
		2E670B642C31255C00EBA6D3 /* ScrollFeedHNotifyChatListCell.swift in Sources */ = {isa = PBXBuildFile; fileRef = 2E670B632C31255C00EBA6D3 /* ScrollFeedHNotifyChatListCell.swift */; };
		2E670B662C31257700EBA6D3 /* ScrollFeedHNotifyInboxListCell.swift in Sources */ = {isa = PBXBuildFile; fileRef = 2E670B652C31257700EBA6D3 /* ScrollFeedHNotifyInboxListCell.swift */; };
		2E670B682C31259200EBA6D3 /* ScrollFeedHResultUserListCell.swift in Sources */ = {isa = PBXBuildFile; fileRef = 2E670B672C31259200EBA6D3 /* ScrollFeedHResultUserListCell.swift */; };
		2E670B6A2C3125AC00EBA6D3 /* ScrollFeedHResultMainListCell.swift in Sources */ = {isa = PBXBuildFile; fileRef = 2E670B692C3125AC00EBA6D3 /* ScrollFeedHResultMainListCell.swift */; };
		2E670B6C2C3125D400EBA6D3 /* ScrollFeedHResultPostListCell.swift in Sources */ = {isa = PBXBuildFile; fileRef = 2E670B6B2C3125D400EBA6D3 /* ScrollFeedHResultPostListCell.swift */; };
		2E670B6E2C3125F000EBA6D3 /* ScrollFeedHResultHashtagListCell.swift in Sources */ = {isa = PBXBuildFile; fileRef = 2E670B6D2C3125F000EBA6D3 /* ScrollFeedHResultHashtagListCell.swift */; };
		2E670B702C31260F00EBA6D3 /* ScrollFeedGridVideo2xViewCell.swift in Sources */ = {isa = PBXBuildFile; fileRef = 2E670B6F2C31260F00EBA6D3 /* ScrollFeedGridVideo2xViewCell.swift */; };
		2E670B722C31262A00EBA6D3 /* ScrollFeedHResultVideoListCell.swift in Sources */ = {isa = PBXBuildFile; fileRef = 2E670B712C31262A00EBA6D3 /* ScrollFeedHResultVideoListCell.swift */; };
		2E670B742C31264700EBA6D3 /* ScrollFeedGridVideo3xViewCell.swift in Sources */ = {isa = PBXBuildFile; fileRef = 2E670B732C31264700EBA6D3 /* ScrollFeedGridVideo3xViewCell.swift */; };
		2E670B772C3126C900EBA6D3 /* PostClipPhotoCell.swift in Sources */ = {isa = PBXBuildFile; fileRef = 2E670B762C3126C900EBA6D3 /* PostClipPhotoCell.swift */; };
		2E670B7A2C31271000EBA6D3 /* TriangleView.swift in Sources */ = {isa = PBXBuildFile; fileRef = 2E670B792C31271000EBA6D3 /* TriangleView.swift */; };
		2E670B7C2C31273200EBA6D3 /* OvalView.swift in Sources */ = {isa = PBXBuildFile; fileRef = 2E670B7B2C31273200EBA6D3 /* OvalView.swift */; };
		2E670B7E2C31275400EBA6D3 /* ShadowView.swift in Sources */ = {isa = PBXBuildFile; fileRef = 2E670B7D2C31275400EBA6D3 /* ShadowView.swift */; };
		2E670B802C31277400EBA6D3 /* RingView.swift in Sources */ = {isa = PBXBuildFile; fileRef = 2E670B7F2C31277400EBA6D3 /* RingView.swift */; };
		2E670B832C3127CA00EBA6D3 /* JobHighlightCell.swift in Sources */ = {isa = PBXBuildFile; fileRef = 2E670B822C3127CA00EBA6D3 /* JobHighlightCell.swift */; };
		2E670B852C3127F100EBA6D3 /* ShopHighlightCell.swift in Sources */ = {isa = PBXBuildFile; fileRef = 2E670B842C3127F100EBA6D3 /* ShopHighlightCell.swift */; };
		2E670B872C31280E00EBA6D3 /* BookHighlightCell.swift in Sources */ = {isa = PBXBuildFile; fileRef = 2E670B862C31280E00EBA6D3 /* BookHighlightCell.swift */; };
		2E670B892C31282800EBA6D3 /* HighlightBox.swift in Sources */ = {isa = PBXBuildFile; fileRef = 2E670B882C31282800EBA6D3 /* HighlightBox.swift */; };
		2E670B8B2C31284800EBA6D3 /* RankHighlightCell.swift in Sources */ = {isa = PBXBuildFile; fileRef = 2E670B8A2C31284800EBA6D3 /* RankHighlightCell.swift */; };
		2E670B8D2C31286500EBA6D3 /* HighlightCell.swift in Sources */ = {isa = PBXBuildFile; fileRef = 2E670B8C2C31286500EBA6D3 /* HighlightCell.swift */; };
		2E670B8F2C31288100EBA6D3 /* MeCell.swift in Sources */ = {isa = PBXBuildFile; fileRef = 2E670B8E2C31288100EBA6D3 /* MeCell.swift */; };
		2E670B922C3128B900EBA6D3 /* QueueObject.swift in Sources */ = {isa = PBXBuildFile; fileRef = 2E670B912C3128B900EBA6D3 /* QueueObject.swift */; };
		2E670B942C3128D300EBA6D3 /* PostData.swift in Sources */ = {isa = PBXBuildFile; fileRef = 2E670B932C3128D300EBA6D3 /* PostData.swift */; };
		2E670B962C3128F500EBA6D3 /* SubtitleClip.swift in Sources */ = {isa = PBXBuildFile; fileRef = 2E670B952C3128F500EBA6D3 /* SubtitleClip.swift */; };
		2E670B982C31291100EBA6D3 /* AudioClip.swift in Sources */ = {isa = PBXBuildFile; fileRef = 2E670B972C31291100EBA6D3 /* AudioClip.swift */; };
		2E670B9A2C31292F00EBA6D3 /* VideoClip.swift in Sources */ = {isa = PBXBuildFile; fileRef = 2E670B992C31292F00EBA6D3 /* VideoClip.swift */; };
		2E670B9C2C31294B00EBA6D3 /* GeoData.swift in Sources */ = {isa = PBXBuildFile; fileRef = 2E670B9B2C31294B00EBA6D3 /* GeoData.swift */; };
		2EADB52B2C4159B70023B7F2 /* SignoutProgressView.swift in Sources */ = {isa = PBXBuildFile; fileRef = 2EADB52A2C4159B70023B7F2 /* SignoutProgressView.swift */; };
		2EADB52D2C44011B0023B7F2 /* HSingleLocationViewCell.swift in Sources */ = {isa = PBXBuildFile; fileRef = 2EADB52C2C44011B0023B7F2 /* HSingleLocationViewCell.swift */; };
		2EADB52F2C4A9FA10023B7F2 /* MeFollowListPanelView.swift in Sources */ = {isa = PBXBuildFile; fileRef = 2EADB52E2C4A9FA10023B7F2 /* MeFollowListPanelView.swift */; };
		2EADB5312C4BB1DB0023B7F2 /* MeHistoryListPanelView.swift in Sources */ = {isa = PBXBuildFile; fileRef = 2EADB5302C4BB1DB0023B7F2 /* MeHistoryListPanelView.swift */; };
		2EADB5332C4BD8CC0023B7F2 /* MeBookmarkListPanelView.swift in Sources */ = {isa = PBXBuildFile; fileRef = 2EADB5322C4BD8CC0023B7F2 /* MeBookmarkListPanelView.swift */; };
		2EADB5352C4BE3240023B7F2 /* MeLikeListPanelView.swift in Sources */ = {isa = PBXBuildFile; fileRef = 2EADB5342C4BE3240023B7F2 /* MeLikeListPanelView.swift */; };
		2EADB5372C4BE9220023B7F2 /* MeLocationListPanelView.swift in Sources */ = {isa = PBXBuildFile; fileRef = 2EADB5362C4BE9220023B7F2 /* MeLocationListPanelView.swift */; };
		2EADB5392C4BF5310023B7F2 /* MePostListPanelView.swift in Sources */ = {isa = PBXBuildFile; fileRef = 2EADB5382C4BF5310023B7F2 /* MePostListPanelView.swift */; };
		2EADB53B2C4BF59F0023B7F2 /* MePhotoListPanelView.swift in Sources */ = {isa = PBXBuildFile; fileRef = 2EADB53A2C4BF59F0023B7F2 /* MePhotoListPanelView.swift */; };
		2EADB53D2C4BF5F40023B7F2 /* MeVideoListPanelView.swift in Sources */ = {isa = PBXBuildFile; fileRef = 2EADB53C2C4BF5F40023B7F2 /* MeVideoListPanelView.swift */; };
		2EADB53F2C6E41D80023B7F2 /* ErrorUploadCommentMsgView.swift in Sources */ = {isa = PBXBuildFile; fileRef = 2EADB53E2C6E41D80023B7F2 /* ErrorUploadCommentMsgView.swift */; };
		2EBFCBA32C7B08A100EA9169 /* ShareObjectScrollableView.swift in Sources */ = {isa = PBXBuildFile; fileRef = 2EBFCBA22C7B08A100EA9169 /* ShareObjectScrollableView.swift */; };
		2EBFCBA52C7B260600EA9169 /* ContentCell.swift in Sources */ = {isa = PBXBuildFile; fileRef = 2EBFCBA42C7B260600EA9169 /* ContentCell.swift */; };
		2EBFCBA72C7DC93500EA9169 /* CustomImageView.swift in Sources */ = {isa = PBXBuildFile; fileRef = 2EBFCBA62C7DC93500EA9169 /* CustomImageView.swift */; };
		D9E5DA9CED1FA78875BA9B32 /* Pods_MiniProject.framework in Frameworks */ = {isa = PBXBuildFile; fileRef = AC1D4569B6E7DBC2F6F78A70 /* Pods_MiniProject.framework */; };
/* End PBXBuildFile section */

/* Begin PBXFileReference section */
		2E670A6C2C2D55FF00EBA6D3 /* MiniProject.app */ = {isa = PBXFileReference; explicitFileType = wrapper.application; includeInIndex = 0; path = MiniProject.app; sourceTree = BUILT_PRODUCTS_DIR; };
		2E670A6F2C2D55FF00EBA6D3 /* AppDelegate.swift */ = {isa = PBXFileReference; lastKnownFileType = sourcecode.swift; path = AppDelegate.swift; sourceTree = "<group>"; };
		2E670A712C2D55FF00EBA6D3 /* SceneDelegate.swift */ = {isa = PBXFileReference; lastKnownFileType = sourcecode.swift; path = SceneDelegate.swift; sourceTree = "<group>"; };
		2E670A732C2D55FF00EBA6D3 /* ViewController.swift */ = {isa = PBXFileReference; lastKnownFileType = sourcecode.swift; path = ViewController.swift; sourceTree = "<group>"; };
		2E670A762C2D55FF00EBA6D3 /* Base */ = {isa = PBXFileReference; lastKnownFileType = file.storyboard; name = Base; path = Base.lproj/Main.storyboard; sourceTree = "<group>"; };
		2E670A782C2D560000EBA6D3 /* Assets.xcassets */ = {isa = PBXFileReference; lastKnownFileType = folder.assetcatalog; path = Assets.xcassets; sourceTree = "<group>"; };
		2E670A7B2C2D560000EBA6D3 /* Base */ = {isa = PBXFileReference; lastKnownFileType = file.storyboard; name = Base; path = Base.lproj/LaunchScreen.storyboard; sourceTree = "<group>"; };
		2E670A7D2C2D560000EBA6D3 /* Info.plist */ = {isa = PBXFileReference; lastKnownFileType = text.plist.xml; path = Info.plist; sourceTree = "<group>"; };
		2E670A832C2DA35700EBA6D3 /* Podfile */ = {isa = PBXFileReference; lastKnownFileType = text; path = Podfile; sourceTree = "<group>"; };
		2E670A852C30448D00EBA6D3 /* CacheManager.swift */ = {isa = PBXFileReference; lastKnownFileType = sourcecode.swift; path = CacheManager.swift; sourceTree = "<group>"; };
		2E670A872C3046D500EBA6D3 /* Regex.swift */ = {isa = PBXFileReference; lastKnownFileType = sourcecode.swift; path = Regex.swift; sourceTree = "<group>"; };
		2E670A892C30471700EBA6D3 /* SignInManager.swift */ = {isa = PBXFileReference; lastKnownFileType = sourcecode.swift; path = SignInManager.swift; sourceTree = "<group>"; };
		2E670A8B2C30476000EBA6D3 /* StrokeUILabel.swift */ = {isa = PBXFileReference; lastKnownFileType = sourcecode.swift; path = StrokeUILabel.swift; sourceTree = "<group>"; };
		2E670A8D2C30479E00EBA6D3 /* Colors.swift */ = {isa = PBXFileReference; lastKnownFileType = sourcecode.swift; path = Colors.swift; sourceTree = "<group>"; };
		2E670A8F2C3047D500EBA6D3 /* GeohashBox.swift */ = {isa = PBXFileReference; lastKnownFileType = sourcecode.swift; path = GeohashBox.swift; sourceTree = "<group>"; };
		2E670A912C30480A00EBA6D3 /* Geohash.swift */ = {isa = PBXFileReference; lastKnownFileType = sourcecode.swift; path = Geohash.swift; sourceTree = "<group>"; };
		2E670A932C30484000EBA6D3 /* APICaller.swift */ = {isa = PBXFileReference; lastKnownFileType = sourcecode.swift; path = APICaller.swift; sourceTree = "<group>"; };
		2E670A952C30486B00EBA6D3 /* DataFetchManager.swift */ = {isa = PBXFileReference; lastKnownFileType = sourcecode.swift; path = DataFetchManager.swift; sourceTree = "<group>"; };
		2E670A972C3048CA00EBA6D3 /* Constant.swift */ = {isa = PBXFileReference; lastKnownFileType = sourcecode.swift; path = Constant.swift; sourceTree = "<group>"; };
		2E670A9A2C30FC8500EBA6D3 /* PanelView.swift */ = {isa = PBXFileReference; lastKnownFileType = sourcecode.swift; path = PanelView.swift; sourceTree = "<group>"; };
		2E670A9C2C30FCCF00EBA6D3 /* ShareSheetScrollableView.swift */ = {isa = PBXFileReference; lastKnownFileType = sourcecode.swift; path = ShareSheetScrollableView.swift; sourceTree = "<group>"; };
		2E670A9E2C30FDA200EBA6D3 /* CreateAccountEmailPanelView.swift */ = {isa = PBXFileReference; lastKnownFileType = sourcecode.swift; path = CreateAccountEmailPanelView.swift; sourceTree = "<group>"; };
		2E670AA02C30FE1300EBA6D3 /* PhotoZoomPanelView.swift */ = {isa = PBXFileReference; lastKnownFileType = sourcecode.swift; path = PhotoZoomPanelView.swift; sourceTree = "<group>"; };
		2E670AA22C30FE4A00EBA6D3 /* VideoPanelView.swift */ = {isa = PBXFileReference; lastKnownFileType = sourcecode.swift; path = VideoPanelView.swift; sourceTree = "<group>"; };
		2E670AA42C30FE9A00EBA6D3 /* VideoDraftPanelView.swift */ = {isa = PBXFileReference; lastKnownFileType = sourcecode.swift; path = VideoDraftPanelView.swift; sourceTree = "<group>"; };
		2E670AA62C30FED000EBA6D3 /* PostDraftPanelView.swift */ = {isa = PBXFileReference; lastKnownFileType = sourcecode.swift; path = PostDraftPanelView.swift; sourceTree = "<group>"; };
		2E670AA82C30FEF900EBA6D3 /* PhotoEditorPanelView.swift */ = {isa = PBXFileReference; lastKnownFileType = sourcecode.swift; path = PhotoEditorPanelView.swift; sourceTree = "<group>"; };
		2E670AAA2C30FF2500EBA6D3 /* VideoEditorPanelView.swift */ = {isa = PBXFileReference; lastKnownFileType = sourcecode.swift; path = VideoEditorPanelView.swift; sourceTree = "<group>"; };
		2E670AAC2C30FF5000EBA6D3 /* PhotoCreatorConsolePanelView.swift */ = {isa = PBXFileReference; lastKnownFileType = sourcecode.swift; path = PhotoCreatorConsolePanelView.swift; sourceTree = "<group>"; };
		2E670AAE2C30FF8F00EBA6D3 /* VideoPreviewPanelView.swift */ = {isa = PBXFileReference; lastKnownFileType = sourcecode.swift; path = VideoPreviewPanelView.swift; sourceTree = "<group>"; };
		2E670AB02C30FFBE00EBA6D3 /* VideoFinalizePanelView.swift */ = {isa = PBXFileReference; lastKnownFileType = sourcecode.swift; path = VideoFinalizePanelView.swift; sourceTree = "<group>"; };
		2E670AB22C30FFE600EBA6D3 /* PlaceDraftPanelView.swift */ = {isa = PBXFileReference; lastKnownFileType = sourcecode.swift; path = PlaceDraftPanelView.swift; sourceTree = "<group>"; };
		2E670AB42C31001500EBA6D3 /* LocationSelectScrollablePanelView.swift */ = {isa = PBXFileReference; lastKnownFileType = sourcecode.swift; path = LocationSelectScrollablePanelView.swift; sourceTree = "<group>"; };
		2E670AB62C31006000EBA6D3 /* CreatorPanelView.swift */ = {isa = PBXFileReference; lastKnownFileType = sourcecode.swift; path = CreatorPanelView.swift; sourceTree = "<group>"; };
		2E670AB82C31008400EBA6D3 /* PhotoDraftPanelView.swift */ = {isa = PBXFileReference; lastKnownFileType = sourcecode.swift; path = PhotoDraftPanelView.swift; sourceTree = "<group>"; };
		2E670ABA2C3100AB00EBA6D3 /* CreateSelectPanelView.swift */ = {isa = PBXFileReference; lastKnownFileType = sourcecode.swift; path = CreateSelectPanelView.swift; sourceTree = "<group>"; };
		2E670ABC2C3100D300EBA6D3 /* ScrollablePanelView.swift */ = {isa = PBXFileReference; lastKnownFileType = sourcecode.swift; path = ScrollablePanelView.swift; sourceTree = "<group>"; };
		2E670ABE2C31010A00EBA6D3 /* VideoCreatorConsolePanelView.swift */ = {isa = PBXFileReference; lastKnownFileType = sourcecode.swift; path = VideoCreatorConsolePanelView.swift; sourceTree = "<group>"; };
		2E670AC02C31013F00EBA6D3 /* CameraVideoRollPanelView.swift */ = {isa = PBXFileReference; lastKnownFileType = sourcecode.swift; path = CameraVideoRollPanelView.swift; sourceTree = "<group>"; };
		2E670AC22C31016400EBA6D3 /* PostPanelView.swift */ = {isa = PBXFileReference; lastKnownFileType = sourcecode.swift; path = PostPanelView.swift; sourceTree = "<group>"; };
		2E670AC42C31018B00EBA6D3 /* MultiSelectedCell.swift */ = {isa = PBXFileReference; lastKnownFileType = sourcecode.swift; path = MultiSelectedCell.swift; sourceTree = "<group>"; };
		2E670AC62C3101AE00EBA6D3 /* CameraPhotoRollPanelView.swift */ = {isa = PBXFileReference; lastKnownFileType = sourcecode.swift; path = CameraPhotoRollPanelView.swift; sourceTree = "<group>"; };
		2E670AC82C3101CD00EBA6D3 /* PlacesMiniScrollablePanelView.swift */ = {isa = PBXFileReference; lastKnownFileType = sourcecode.swift; path = PlacesMiniScrollablePanelView.swift; sourceTree = "<group>"; };
		2E670ACA2C31021300EBA6D3 /* SoundScrollablePanelView.swift */ = {isa = PBXFileReference; lastKnownFileType = sourcecode.swift; path = SoundScrollablePanelView.swift; sourceTree = "<group>"; };
		2E670ACC2C31023D00EBA6D3 /* PlaceSelectPanelView.swift */ = {isa = PBXFileReference; lastKnownFileType = sourcecode.swift; path = PlaceSelectPanelView.swift; sourceTree = "<group>"; };
		2E670ACE2C31026100EBA6D3 /* PostCreatorConsolePanelView.swift */ = {isa = PBXFileReference; lastKnownFileType = sourcecode.swift; path = PostCreatorConsolePanelView.swift; sourceTree = "<group>"; };
		2E670AD02C31028200EBA6D3 /* PhotoPanelView.swift */ = {isa = PBXFileReference; lastKnownFileType = sourcecode.swift; path = PhotoPanelView.swift; sourceTree = "<group>"; };
		2E670AD22C3102A600EBA6D3 /* UserCreatorConsolePanelView.swift */ = {isa = PBXFileReference; lastKnownFileType = sourcecode.swift; path = UserCreatorConsolePanelView.swift; sourceTree = "<group>"; };
		2E670AD42C3102C700EBA6D3 /* UsersMiniScrollablePanelView.swift */ = {isa = PBXFileReference; lastKnownFileType = sourcecode.swift; path = UsersMiniScrollablePanelView.swift; sourceTree = "<group>"; };
		2E670AD62C3102E700EBA6D3 /* CommentScrollableView.swift */ = {isa = PBXFileReference; lastKnownFileType = sourcecode.swift; path = CommentScrollableView.swift; sourceTree = "<group>"; };
		2E670AD82C31030900EBA6D3 /* PlaceCreatorConsolePanelView.swift */ = {isa = PBXFileReference; lastKnownFileType = sourcecode.swift; path = PlaceCreatorConsolePanelView.swift; sourceTree = "<group>"; };
		2E670ADA2C31033300EBA6D3 /* PhotoFinalizePanelView.swift */ = {isa = PBXFileReference; lastKnownFileType = sourcecode.swift; path = PhotoFinalizePanelView.swift; sourceTree = "<group>"; };
		2E670ADC2C31035100EBA6D3 /* PhotoDetailPanelView.swift */ = {isa = PBXFileReference; lastKnownFileType = sourcecode.swift; path = PhotoDetailPanelView.swift; sourceTree = "<group>"; };
		2E670ADE2C3103A200EBA6D3 /* LoginPanelView.swift */ = {isa = PBXFileReference; lastKnownFileType = sourcecode.swift; path = LoginPanelView.swift; sourceTree = "<group>"; };
		2E670AE02C3103C000EBA6D3 /* PlaceScrollablePanelView.swift */ = {isa = PBXFileReference; lastKnownFileType = sourcecode.swift; path = PlaceScrollablePanelView.swift; sourceTree = "<group>"; };
		2E670AE22C3103DD00EBA6D3 /* PostDetailPanelView.swift */ = {isa = PBXFileReference; lastKnownFileType = sourcecode.swift; path = PostDetailPanelView.swift; sourceTree = "<group>"; };
		2E670AE42C3103FB00EBA6D3 /* SearchPanelView.swift */ = {isa = PBXFileReference; lastKnownFileType = sourcecode.swift; path = SearchPanelView.swift; sourceTree = "<group>"; };
		2E670AE62C31041B00EBA6D3 /* MePanelView.swift */ = {isa = PBXFileReference; lastKnownFileType = sourcecode.swift; path = MePanelView.swift; sourceTree = "<group>"; };
		2E670AE82C31043900EBA6D3 /* NotifyPanelView.swift */ = {isa = PBXFileReference; lastKnownFileType = sourcecode.swift; path = NotifyPanelView.swift; sourceTree = "<group>"; };
		2E670AEA2C31045900EBA6D3 /* UserScrollablePanelView.swift */ = {isa = PBXFileReference; lastKnownFileType = sourcecode.swift; path = UserScrollablePanelView.swift; sourceTree = "<group>"; };
		2E670AED2C3106AA00EBA6D3 /* HResultSoundListViewCell.swift */ = {isa = PBXFileReference; lastKnownFileType = sourcecode.swift; path = HResultSoundListViewCell.swift; sourceTree = "<group>"; };
		2E670AEF2C3106CE00EBA6D3 /* HListViewCell.swift */ = {isa = PBXFileReference; lastKnownFileType = sourcecode.swift; path = HListViewCell.swift; sourceTree = "<group>"; };
		2E670AF12C3106EF00EBA6D3 /* HPostListBViewCell.swift */ = {isa = PBXFileReference; lastKnownFileType = sourcecode.swift; path = HPostListBViewCell.swift; sourceTree = "<group>"; };
		2E670AF32C31071300EBA6D3 /* HResultLocationListViewCell.swift */ = {isa = PBXFileReference; lastKnownFileType = sourcecode.swift; path = HResultLocationListViewCell.swift; sourceTree = "<group>"; };
		2E670AF52C31073200EBA6D3 /* HPhotoListBViewCell.swift */ = {isa = PBXFileReference; lastKnownFileType = sourcecode.swift; path = HPhotoListBViewCell.swift; sourceTree = "<group>"; };
		2E670AF72C31075500EBA6D3 /* GridVideoViewCell.swift */ = {isa = PBXFileReference; lastKnownFileType = sourcecode.swift; path = GridVideoViewCell.swift; sourceTree = "<group>"; };
		2E670AF92C3107D200EBA6D3 /* HMultiLocationViewCell.swift */ = {isa = PBXFileReference; lastKnownFileType = sourcecode.swift; path = HMultiLocationViewCell.swift; sourceTree = "<group>"; };
		2E670AFB2C3107F100EBA6D3 /* HPlacesListViewCell.swift */ = {isa = PBXFileReference; lastKnownFileType = sourcecode.swift; path = HPlacesListViewCell.swift; sourceTree = "<group>"; };
		2E670AFD2C31080E00EBA6D3 /* VGridColumnViewCell.swift */ = {isa = PBXFileReference; lastKnownFileType = sourcecode.swift; path = VGridColumnViewCell.swift; sourceTree = "<group>"; };
		2E670AFF2C31082B00EBA6D3 /* HResultPostListViewCell.swift */ = {isa = PBXFileReference; lastKnownFileType = sourcecode.swift; path = HResultPostListViewCell.swift; sourceTree = "<group>"; };
		2E670B012C31085B00EBA6D3 /* GridVideo2xViewCell.swift */ = {isa = PBXFileReference; lastKnownFileType = sourcecode.swift; path = GridVideo2xViewCell.swift; sourceTree = "<group>"; };
		2E670B032C31087800EBA6D3 /* GridVideoRollViewCell.swift */ = {isa = PBXFileReference; lastKnownFileType = sourcecode.swift; path = GridVideoRollViewCell.swift; sourceTree = "<group>"; };
		2E670B052C31089800EBA6D3 /* GridPhotoRollViewCell.swift */ = {isa = PBXFileReference; lastKnownFileType = sourcecode.swift; path = GridPhotoRollViewCell.swift; sourceTree = "<group>"; };
		2E670B072C3108B800EBA6D3 /* HCommentListViewCell.swift */ = {isa = PBXFileReference; lastKnownFileType = sourcecode.swift; path = HCommentListViewCell.swift; sourceTree = "<group>"; };
		2E670B092C3108D600EBA6D3 /* HResultHashtagListViewCell.swift */ = {isa = PBXFileReference; lastKnownFileType = sourcecode.swift; path = HResultHashtagListViewCell.swift; sourceTree = "<group>"; };
		2E670B0B2C3108F200EBA6D3 /* HUsersListViewCell.swift */ = {isa = PBXFileReference; lastKnownFileType = sourcecode.swift; path = HUsersListViewCell.swift; sourceTree = "<group>"; };
		2E670B0D2C31091000EBA6D3 /* HNotifyInboxListViewCell.swift */ = {isa = PBXFileReference; lastKnownFileType = sourcecode.swift; path = HNotifyInboxListViewCell.swift; sourceTree = "<group>"; };
		2E670B0F2C31092B00EBA6D3 /* HPostListAViewCell.swift */ = {isa = PBXFileReference; lastKnownFileType = sourcecode.swift; path = HPostListAViewCell.swift; sourceTree = "<group>"; };
		2E670B112C31094A00EBA6D3 /* VCAViewCell.swift */ = {isa = PBXFileReference; lastKnownFileType = sourcecode.swift; path = VCAViewCell.swift; sourceTree = "<group>"; };
		2E670B132C31096B00EBA6D3 /* VCBViewCell.swift */ = {isa = PBXFileReference; lastKnownFileType = sourcecode.swift; path = VCBViewCell.swift; sourceTree = "<group>"; };
		2E670B152C31098B00EBA6D3 /* HResultUserListViewCell.swift */ = {isa = PBXFileReference; lastKnownFileType = sourcecode.swift; path = HResultUserListViewCell.swift; sourceTree = "<group>"; };
		2E670B172C3109AA00EBA6D3 /* HPhotoListAViewCell.swift */ = {isa = PBXFileReference; lastKnownFileType = sourcecode.swift; path = HPhotoListAViewCell.swift; sourceTree = "<group>"; };
		2E670B192C3109C600EBA6D3 /* GridPhotoViewCell.swift */ = {isa = PBXFileReference; lastKnownFileType = sourcecode.swift; path = GridPhotoViewCell.swift; sourceTree = "<group>"; };
		2E670B1B2C3109EC00EBA6D3 /* DiscoverColumnViewCell.swift */ = {isa = PBXFileReference; lastKnownFileType = sourcecode.swift; path = DiscoverColumnViewCell.swift; sourceTree = "<group>"; };
		2E670B1D2C310A1400EBA6D3 /* GridPhoto2xViewCell.swift */ = {isa = PBXFileReference; lastKnownFileType = sourcecode.swift; path = GridPhoto2xViewCell.swift; sourceTree = "<group>"; };
		2E670B1F2C310A3500EBA6D3 /* HNotifyChatListViewCell.swift */ = {isa = PBXFileReference; lastKnownFileType = sourcecode.swift; path = HNotifyChatListViewCell.swift; sourceTree = "<group>"; };
		2E670B232C31203300EBA6D3 /* SpinLoader.swift */ = {isa = PBXFileReference; lastKnownFileType = sourcecode.swift; path = SpinLoader.swift; sourceTree = "<group>"; };
		2E670B252C3120BB00EBA6D3 /* QueueableView.swift */ = {isa = PBXFileReference; lastKnownFileType = sourcecode.swift; path = QueueableView.swift; sourceTree = "<group>"; };
		2E670B272C3120DF00EBA6D3 /* PulseWave.swift */ = {isa = PBXFileReference; lastKnownFileType = sourcecode.swift; path = PulseWave.swift; sourceTree = "<group>"; };
		2E670B292C3120FE00EBA6D3 /* SavePostDraftMsg.swift */ = {isa = PBXFileReference; lastKnownFileType = sourcecode.swift; path = SavePostDraftMsg.swift; sourceTree = "<group>"; };
		2E670B2B2C31212600EBA6D3 /* PlaceMarker.swift */ = {isa = PBXFileReference; lastKnownFileType = sourcecode.swift; path = PlaceMarker.swift; sourceTree = "<group>"; };
		2E670B2D2C31215000EBA6D3 /* GetCameraMsg.swift */ = {isa = PBXFileReference; lastKnownFileType = sourcecode.swift; path = GetCameraMsg.swift; sourceTree = "<group>"; };
		2E670B2F2C31216F00EBA6D3 /* SGestureScrollView.swift */ = {isa = PBXFileReference; lastKnownFileType = sourcecode.swift; path = SGestureScrollView.swift; sourceTree = "<group>"; };
		2E670B312C31219200EBA6D3 /* LiveLMarker.swift */ = {isa = PBXFileReference; lastKnownFileType = sourcecode.swift; path = LiveLMarker.swift; sourceTree = "<group>"; };
		2E670B332C3121B100EBA6D3 /* PageBubbleIndicator.swift */ = {isa = PBXFileReference; lastKnownFileType = sourcecode.swift; path = PageBubbleIndicator.swift; sourceTree = "<group>"; };
		2E670B352C3121D700EBA6D3 /* SavePlaceDraftMsg.swift */ = {isa = PBXFileReference; lastKnownFileType = sourcecode.swift; path = SavePlaceDraftMsg.swift; sourceTree = "<group>"; };
		2E670B372C3121FB00EBA6D3 /* PlaceAMarker.swift */ = {isa = PBXFileReference; lastKnownFileType = sourcecode.swift; path = PlaceAMarker.swift; sourceTree = "<group>"; };
		2E670B392C31222A00EBA6D3 /* MapZoomView.swift */ = {isa = PBXFileReference; lastKnownFileType = sourcecode.swift; path = MapZoomView.swift; sourceTree = "<group>"; };
		2E670B3B2C31224900EBA6D3 /* GetStorageMsg.swift */ = {isa = PBXFileReference; lastKnownFileType = sourcecode.swift; path = GetStorageMsg.swift; sourceTree = "<group>"; };
		2E670B3D2C31226700EBA6D3 /* ExitVideoEditorMsg.swift */ = {isa = PBXFileReference; lastKnownFileType = sourcecode.swift; path = ExitVideoEditorMsg.swift; sourceTree = "<group>"; };
		2E670B3F2C31228900EBA6D3 /* GetLocationMsg.swift */ = {isa = PBXFileReference; lastKnownFileType = sourcecode.swift; path = GetLocationMsg.swift; sourceTree = "<group>"; };
		2E670B412C3122A700EBA6D3 /* TabStack.swift */ = {isa = PBXFileReference; lastKnownFileType = sourcecode.swift; path = TabStack.swift; sourceTree = "<group>"; };
		2E670B432C3122C200EBA6D3 /* LocationPinMarker.swift */ = {isa = PBXFileReference; lastKnownFileType = sourcecode.swift; path = LocationPinMarker.swift; sourceTree = "<group>"; };
		2E670B452C3122E300EBA6D3 /* UserMarker.swift */ = {isa = PBXFileReference; lastKnownFileType = sourcecode.swift; path = UserMarker.swift; sourceTree = "<group>"; };
		2E670B472C31230000EBA6D3 /* PlaceBMarker.swift */ = {isa = PBXFileReference; lastKnownFileType = sourcecode.swift; path = PlaceBMarker.swift; sourceTree = "<group>"; };
		2E670B492C31232700EBA6D3 /* SoundMarker.swift */ = {isa = PBXFileReference; lastKnownFileType = sourcecode.swift; path = SoundMarker.swift; sourceTree = "<group>"; };
		2E670B4B2C31234500EBA6D3 /* MiniApp.swift */ = {isa = PBXFileReference; lastKnownFileType = sourcecode.swift; path = MiniApp.swift; sourceTree = "<group>"; };
		2E670B4D2C31236400EBA6D3 /* Marker.swift */ = {isa = PBXFileReference; lastKnownFileType = sourcecode.swift; path = Marker.swift; sourceTree = "<group>"; };
		2E670B4F2C31238100EBA6D3 /* ExploreMarker.swift */ = {isa = PBXFileReference; lastKnownFileType = sourcecode.swift; path = ExploreMarker.swift; sourceTree = "<group>"; };
		2E670B512C3123C800EBA6D3 /* ScrollFeedHResultLocationListCell.swift */ = {isa = PBXFileReference; lastKnownFileType = sourcecode.swift; path = ScrollFeedHResultLocationListCell.swift; sourceTree = "<group>"; };
		2E670B532C3123E800EBA6D3 /* ScrollFeedHResultSoundListCell.swift */ = {isa = PBXFileReference; lastKnownFileType = sourcecode.swift; path = ScrollFeedHResultSoundListCell.swift; sourceTree = "<group>"; };
		2E670B552C31240700EBA6D3 /* ScrollFeedVideoCell.swift */ = {isa = PBXFileReference; lastKnownFileType = sourcecode.swift; path = ScrollFeedVideoCell.swift; sourceTree = "<group>"; };
		2E670B572C31243A00EBA6D3 /* ScrollFeedGridPhoto2xViewCell.swift */ = {isa = PBXFileReference; lastKnownFileType = sourcecode.swift; path = ScrollFeedGridPhoto2xViewCell.swift; sourceTree = "<group>"; };
		2E670B592C31245800EBA6D3 /* ScrollFeedHResultPhotoListCell.swift */ = {isa = PBXFileReference; lastKnownFileType = sourcecode.swift; path = ScrollFeedHResultPhotoListCell.swift; sourceTree = "<group>"; };
		2E670B5B2C31248400EBA6D3 /* ScrollFeedGridPhoto3xViewCell.swift */ = {isa = PBXFileReference; lastKnownFileType = sourcecode.swift; path = ScrollFeedGridPhoto3xViewCell.swift; sourceTree = "<group>"; };
		2E670B5D2C3124A700EBA6D3 /* ScrollFeedCell.swift */ = {isa = PBXFileReference; lastKnownFileType = sourcecode.swift; path = ScrollFeedCell.swift; sourceTree = "<group>"; };
		2E670B5F2C3124E000EBA6D3 /* ScrollFeedHPhotoListCell.swift */ = {isa = PBXFileReference; lastKnownFileType = sourcecode.swift; path = ScrollFeedHPhotoListCell.swift; sourceTree = "<group>"; };
		2E670B612C31250100EBA6D3 /* ScrollFeedHPostListCell.swift */ = {isa = PBXFileReference; lastKnownFileType = sourcecode.swift; path = ScrollFeedHPostListCell.swift; sourceTree = "<group>"; };
		2E670B632C31255C00EBA6D3 /* ScrollFeedHNotifyChatListCell.swift */ = {isa = PBXFileReference; lastKnownFileType = sourcecode.swift; path = ScrollFeedHNotifyChatListCell.swift; sourceTree = "<group>"; };
		2E670B652C31257700EBA6D3 /* ScrollFeedHNotifyInboxListCell.swift */ = {isa = PBXFileReference; lastKnownFileType = sourcecode.swift; path = ScrollFeedHNotifyInboxListCell.swift; sourceTree = "<group>"; };
		2E670B672C31259200EBA6D3 /* ScrollFeedHResultUserListCell.swift */ = {isa = PBXFileReference; lastKnownFileType = sourcecode.swift; path = ScrollFeedHResultUserListCell.swift; sourceTree = "<group>"; };
		2E670B692C3125AC00EBA6D3 /* ScrollFeedHResultMainListCell.swift */ = {isa = PBXFileReference; lastKnownFileType = sourcecode.swift; path = ScrollFeedHResultMainListCell.swift; sourceTree = "<group>"; };
		2E670B6B2C3125D400EBA6D3 /* ScrollFeedHResultPostListCell.swift */ = {isa = PBXFileReference; lastKnownFileType = sourcecode.swift; path = ScrollFeedHResultPostListCell.swift; sourceTree = "<group>"; };
		2E670B6D2C3125F000EBA6D3 /* ScrollFeedHResultHashtagListCell.swift */ = {isa = PBXFileReference; lastKnownFileType = sourcecode.swift; path = ScrollFeedHResultHashtagListCell.swift; sourceTree = "<group>"; };
		2E670B6F2C31260F00EBA6D3 /* ScrollFeedGridVideo2xViewCell.swift */ = {isa = PBXFileReference; lastKnownFileType = sourcecode.swift; path = ScrollFeedGridVideo2xViewCell.swift; sourceTree = "<group>"; };
		2E670B712C31262A00EBA6D3 /* ScrollFeedHResultVideoListCell.swift */ = {isa = PBXFileReference; lastKnownFileType = sourcecode.swift; path = ScrollFeedHResultVideoListCell.swift; sourceTree = "<group>"; };
		2E670B732C31264700EBA6D3 /* ScrollFeedGridVideo3xViewCell.swift */ = {isa = PBXFileReference; lastKnownFileType = sourcecode.swift; path = ScrollFeedGridVideo3xViewCell.swift; sourceTree = "<group>"; };
		2E670B762C3126C900EBA6D3 /* PostClipPhotoCell.swift */ = {isa = PBXFileReference; lastKnownFileType = sourcecode.swift; path = PostClipPhotoCell.swift; sourceTree = "<group>"; };
		2E670B792C31271000EBA6D3 /* TriangleView.swift */ = {isa = PBXFileReference; lastKnownFileType = sourcecode.swift; path = TriangleView.swift; sourceTree = "<group>"; };
		2E670B7B2C31273200EBA6D3 /* OvalView.swift */ = {isa = PBXFileReference; lastKnownFileType = sourcecode.swift; path = OvalView.swift; sourceTree = "<group>"; };
		2E670B7D2C31275400EBA6D3 /* ShadowView.swift */ = {isa = PBXFileReference; lastKnownFileType = sourcecode.swift; path = ShadowView.swift; sourceTree = "<group>"; };
		2E670B7F2C31277400EBA6D3 /* RingView.swift */ = {isa = PBXFileReference; lastKnownFileType = sourcecode.swift; path = RingView.swift; sourceTree = "<group>"; };
		2E670B822C3127CA00EBA6D3 /* JobHighlightCell.swift */ = {isa = PBXFileReference; lastKnownFileType = sourcecode.swift; path = JobHighlightCell.swift; sourceTree = "<group>"; };
		2E670B842C3127F100EBA6D3 /* ShopHighlightCell.swift */ = {isa = PBXFileReference; lastKnownFileType = sourcecode.swift; path = ShopHighlightCell.swift; sourceTree = "<group>"; };
		2E670B862C31280E00EBA6D3 /* BookHighlightCell.swift */ = {isa = PBXFileReference; lastKnownFileType = sourcecode.swift; path = BookHighlightCell.swift; sourceTree = "<group>"; };
		2E670B882C31282800EBA6D3 /* HighlightBox.swift */ = {isa = PBXFileReference; lastKnownFileType = sourcecode.swift; path = HighlightBox.swift; sourceTree = "<group>"; };
		2E670B8A2C31284800EBA6D3 /* RankHighlightCell.swift */ = {isa = PBXFileReference; lastKnownFileType = sourcecode.swift; path = RankHighlightCell.swift; sourceTree = "<group>"; };
		2E670B8C2C31286500EBA6D3 /* HighlightCell.swift */ = {isa = PBXFileReference; lastKnownFileType = sourcecode.swift; path = HighlightCell.swift; sourceTree = "<group>"; };
		2E670B8E2C31288100EBA6D3 /* MeCell.swift */ = {isa = PBXFileReference; lastKnownFileType = sourcecode.swift; path = MeCell.swift; sourceTree = "<group>"; };
		2E670B912C3128B900EBA6D3 /* QueueObject.swift */ = {isa = PBXFileReference; lastKnownFileType = sourcecode.swift; path = QueueObject.swift; sourceTree = "<group>"; };
		2E670B932C3128D300EBA6D3 /* PostData.swift */ = {isa = PBXFileReference; lastKnownFileType = sourcecode.swift; path = PostData.swift; sourceTree = "<group>"; };
		2E670B952C3128F500EBA6D3 /* SubtitleClip.swift */ = {isa = PBXFileReference; lastKnownFileType = sourcecode.swift; path = SubtitleClip.swift; sourceTree = "<group>"; };
		2E670B972C31291100EBA6D3 /* AudioClip.swift */ = {isa = PBXFileReference; lastKnownFileType = sourcecode.swift; path = AudioClip.swift; sourceTree = "<group>"; };
		2E670B992C31292F00EBA6D3 /* VideoClip.swift */ = {isa = PBXFileReference; lastKnownFileType = sourcecode.swift; path = VideoClip.swift; sourceTree = "<group>"; };
		2E670B9B2C31294B00EBA6D3 /* GeoData.swift */ = {isa = PBXFileReference; lastKnownFileType = sourcecode.swift; path = GeoData.swift; sourceTree = "<group>"; };
		2EADB52A2C4159B70023B7F2 /* SignoutProgressView.swift */ = {isa = PBXFileReference; lastKnownFileType = sourcecode.swift; path = SignoutProgressView.swift; sourceTree = "<group>"; };
		2EADB52C2C44011B0023B7F2 /* HSingleLocationViewCell.swift */ = {isa = PBXFileReference; lastKnownFileType = sourcecode.swift; path = HSingleLocationViewCell.swift; sourceTree = "<group>"; };
		2EADB52E2C4A9FA10023B7F2 /* MeFollowListPanelView.swift */ = {isa = PBXFileReference; lastKnownFileType = sourcecode.swift; path = MeFollowListPanelView.swift; sourceTree = "<group>"; };
		2EADB5302C4BB1DB0023B7F2 /* MeHistoryListPanelView.swift */ = {isa = PBXFileReference; lastKnownFileType = sourcecode.swift; path = MeHistoryListPanelView.swift; sourceTree = "<group>"; };
		2EADB5322C4BD8CC0023B7F2 /* MeBookmarkListPanelView.swift */ = {isa = PBXFileReference; lastKnownFileType = sourcecode.swift; path = MeBookmarkListPanelView.swift; sourceTree = "<group>"; };
		2EADB5342C4BE3240023B7F2 /* MeLikeListPanelView.swift */ = {isa = PBXFileReference; lastKnownFileType = sourcecode.swift; path = MeLikeListPanelView.swift; sourceTree = "<group>"; };
		2EADB5362C4BE9220023B7F2 /* MeLocationListPanelView.swift */ = {isa = PBXFileReference; lastKnownFileType = sourcecode.swift; path = MeLocationListPanelView.swift; sourceTree = "<group>"; };
		2EADB5382C4BF5310023B7F2 /* MePostListPanelView.swift */ = {isa = PBXFileReference; lastKnownFileType = sourcecode.swift; path = MePostListPanelView.swift; sourceTree = "<group>"; };
		2EADB53A2C4BF59F0023B7F2 /* MePhotoListPanelView.swift */ = {isa = PBXFileReference; lastKnownFileType = sourcecode.swift; path = MePhotoListPanelView.swift; sourceTree = "<group>"; };
		2EADB53C2C4BF5F40023B7F2 /* MeVideoListPanelView.swift */ = {isa = PBXFileReference; lastKnownFileType = sourcecode.swift; path = MeVideoListPanelView.swift; sourceTree = "<group>"; };
		2EADB53E2C6E41D80023B7F2 /* ErrorUploadCommentMsgView.swift */ = {isa = PBXFileReference; lastKnownFileType = sourcecode.swift; path = ErrorUploadCommentMsgView.swift; sourceTree = "<group>"; };
		2EBFCBA22C7B08A100EA9169 /* ShareObjectScrollableView.swift */ = {isa = PBXFileReference; lastKnownFileType = sourcecode.swift; path = ShareObjectScrollableView.swift; sourceTree = "<group>"; };
		2EBFCBA42C7B260600EA9169 /* ContentCell.swift */ = {isa = PBXFileReference; lastKnownFileType = sourcecode.swift; path = ContentCell.swift; sourceTree = "<group>"; };
		2EBFCBA62C7DC93500EA9169 /* CustomImageView.swift */ = {isa = PBXFileReference; lastKnownFileType = sourcecode.swift; path = CustomImageView.swift; sourceTree = "<group>"; };
		8E8FDD7B5A32B613FBBD6779 /* Pods-MiniProject.release.xcconfig */ = {isa = PBXFileReference; includeInIndex = 1; lastKnownFileType = text.xcconfig; name = "Pods-MiniProject.release.xcconfig"; path = "Target Support Files/Pods-MiniProject/Pods-MiniProject.release.xcconfig"; sourceTree = "<group>"; };
		8FF00F2FE6845908F1AA29DE /* Pods-MiniProject.debug.xcconfig */ = {isa = PBXFileReference; includeInIndex = 1; lastKnownFileType = text.xcconfig; name = "Pods-MiniProject.debug.xcconfig"; path = "Target Support Files/Pods-MiniProject/Pods-MiniProject.debug.xcconfig"; sourceTree = "<group>"; };
		AC1D4569B6E7DBC2F6F78A70 /* Pods_MiniProject.framework */ = {isa = PBXFileReference; explicitFileType = wrapper.framework; includeInIndex = 0; path = Pods_MiniProject.framework; sourceTree = BUILT_PRODUCTS_DIR; };
/* End PBXFileReference section */

/* Begin PBXFrameworksBuildPhase section */
		2E670A692C2D55FF00EBA6D3 /* Frameworks */ = {
			isa = PBXFrameworksBuildPhase;
			buildActionMask = 2147483647;
			files = (
				D9E5DA9CED1FA78875BA9B32 /* Pods_MiniProject.framework in Frameworks */,
			);
			runOnlyForDeploymentPostprocessing = 0;
		};
/* End PBXFrameworksBuildPhase section */

/* Begin PBXGroup section */
		2E670A632C2D55FF00EBA6D3 = {
			isa = PBXGroup;
			children = (
				2E670A832C2DA35700EBA6D3 /* Podfile */,
				2E670A6E2C2D55FF00EBA6D3 /* MiniProject */,
				2E670A6D2C2D55FF00EBA6D3 /* Products */,
				3F547BBAAA474CD50C35558E /* Pods */,
				79984C417DA90C347B0B8153 /* Frameworks */,
			);
			sourceTree = "<group>";
		};
		2E670A6D2C2D55FF00EBA6D3 /* Products */ = {
			isa = PBXGroup;
			children = (
				2E670A6C2C2D55FF00EBA6D3 /* MiniProject.app */,
			);
			name = Products;
			sourceTree = "<group>";
		};
		2E670A6E2C2D55FF00EBA6D3 /* MiniProject */ = {
			isa = PBXGroup;
			children = (
				2E670AEC2C31068C00EBA6D3 /* ViewCells */,
				2E670A992C30FC5400EBA6D3 /* PanelViews */,
				2E670B222C311FF800EBA6D3 /* CustomViews */,
				2E670B212C311FD600EBA6D3 /* ScrollFeedCells */,
				2E670B752C3126A900EBA6D3 /* CustomCells */,
				2E670B782C3126FA00EBA6D3 /* CustomShapes */,
				2E670B902C31289E00EBA6D3 /* Models */,
				2E670B812C3127B200EBA6D3 /* HighlightCells */,
				2EF15C1A2C3A2BA400B63907 /* Manager */,
				2E670A752C2D55FF00EBA6D3 /* Main.storyboard */,
				2E670A732C2D55FF00EBA6D3 /* ViewController.swift */,
				2E670A6F2C2D55FF00EBA6D3 /* AppDelegate.swift */,
				2E670A712C2D55FF00EBA6D3 /* SceneDelegate.swift */,
				2E670A8B2C30476000EBA6D3 /* StrokeUILabel.swift */,
				2E670A872C3046D500EBA6D3 /* Regex.swift */,
				2E670A8F2C3047D500EBA6D3 /* GeohashBox.swift */,
				2E670A972C3048CA00EBA6D3 /* Constant.swift */,
				2E670A912C30480A00EBA6D3 /* Geohash.swift */,
				2E670A8D2C30479E00EBA6D3 /* Colors.swift */,
				2E670A782C2D560000EBA6D3 /* Assets.xcassets */,
				2E670A7A2C2D560000EBA6D3 /* LaunchScreen.storyboard */,
				2E670A7D2C2D560000EBA6D3 /* Info.plist */,
			);
			path = MiniProject;
			sourceTree = "<group>";
		};
		2E670A992C30FC5400EBA6D3 /* PanelViews */ = {
			isa = PBXGroup;
			children = (
				2E670A9A2C30FC8500EBA6D3 /* PanelView.swift */,
				2E670ABC2C3100D300EBA6D3 /* ScrollablePanelView.swift */,
				2E670AB62C31006000EBA6D3 /* CreatorPanelView.swift */,
				2E670AE42C3103FB00EBA6D3 /* SearchPanelView.swift */,
				2E670AE82C31043900EBA6D3 /* NotifyPanelView.swift */,
				2E670AE62C31041B00EBA6D3 /* MePanelView.swift */,
				2E670AEA2C31045900EBA6D3 /* UserScrollablePanelView.swift */,
				2E670AE02C3103C000EBA6D3 /* PlaceScrollablePanelView.swift */,
				2E670ACA2C31021300EBA6D3 /* SoundScrollablePanelView.swift */,
				2E670AC22C31016400EBA6D3 /* PostPanelView.swift */,
				2E670AD02C31028200EBA6D3 /* PhotoPanelView.swift */,
				2E670AA22C30FE4A00EBA6D3 /* VideoPanelView.swift */,
				2E670AE22C3103DD00EBA6D3 /* PostDetailPanelView.swift */,
				2E670ADC2C31035100EBA6D3 /* PhotoDetailPanelView.swift */,
				2E670AA02C30FE1300EBA6D3 /* PhotoZoomPanelView.swift */,
				2EADB52E2C4A9FA10023B7F2 /* MeFollowListPanelView.swift */,
				2EADB5302C4BB1DB0023B7F2 /* MeHistoryListPanelView.swift */,
				2EADB5322C4BD8CC0023B7F2 /* MeBookmarkListPanelView.swift */,
				2EADB5342C4BE3240023B7F2 /* MeLikeListPanelView.swift */,
				2EADB5382C4BF5310023B7F2 /* MePostListPanelView.swift */,
				2EADB53A2C4BF59F0023B7F2 /* MePhotoListPanelView.swift */,
				2EADB53C2C4BF5F40023B7F2 /* MeVideoListPanelView.swift */,
				2EADB5362C4BE9220023B7F2 /* MeLocationListPanelView.swift */,
				2E670AD62C3102E700EBA6D3 /* CommentScrollableView.swift */,
				2E670A9C2C30FCCF00EBA6D3 /* ShareSheetScrollableView.swift */,
				2EBFCBA22C7B08A100EA9169 /* ShareObjectScrollableView.swift */,
				2E670AC82C3101CD00EBA6D3 /* PlacesMiniScrollablePanelView.swift */,
				2E670AD42C3102C700EBA6D3 /* UsersMiniScrollablePanelView.swift */,
				2E670ABA2C3100AB00EBA6D3 /* CreateSelectPanelView.swift */,
				2E670ACC2C31023D00EBA6D3 /* PlaceSelectPanelView.swift */,
				2E670ADE2C3103A200EBA6D3 /* LoginPanelView.swift */,
				2E670A9E2C30FDA200EBA6D3 /* CreateAccountEmailPanelView.swift */,
				2E670AD22C3102A600EBA6D3 /* UserCreatorConsolePanelView.swift */,
				2E670ABE2C31010A00EBA6D3 /* VideoCreatorConsolePanelView.swift */,
				2E670AAA2C30FF2500EBA6D3 /* VideoEditorPanelView.swift */,
				2E670AAE2C30FF8F00EBA6D3 /* VideoPreviewPanelView.swift */,
				2E670AA42C30FE9A00EBA6D3 /* VideoDraftPanelView.swift */,
				2E670AB02C30FFBE00EBA6D3 /* VideoFinalizePanelView.swift */,
				2E670AAC2C30FF5000EBA6D3 /* PhotoCreatorConsolePanelView.swift */,
				2E670AA82C30FEF900EBA6D3 /* PhotoEditorPanelView.swift */,
				2E670AB82C31008400EBA6D3 /* PhotoDraftPanelView.swift */,
				2E670ADA2C31033300EBA6D3 /* PhotoFinalizePanelView.swift */,
				2E670ACE2C31026100EBA6D3 /* PostCreatorConsolePanelView.swift */,
				2E670AA62C30FED000EBA6D3 /* PostDraftPanelView.swift */,
				2E670AD82C31030900EBA6D3 /* PlaceCreatorConsolePanelView.swift */,
				2E670AB42C31001500EBA6D3 /* LocationSelectScrollablePanelView.swift */,
				2E670AB22C30FFE600EBA6D3 /* PlaceDraftPanelView.swift */,
				2E670AC02C31013F00EBA6D3 /* CameraVideoRollPanelView.swift */,
				2E670AC62C3101AE00EBA6D3 /* CameraPhotoRollPanelView.swift */,
			);
			path = PanelViews;
			sourceTree = "<group>";
		};
		2E670AEC2C31068C00EBA6D3 /* ViewCells */ = {
			isa = PBXGroup;
			children = (
				2E670AEF2C3106CE00EBA6D3 /* HListViewCell.swift */,
				2EADB52C2C44011B0023B7F2 /* HSingleLocationViewCell.swift */,
				2E670AF92C3107D200EBA6D3 /* HMultiLocationViewCell.swift */,
				2E670AF72C31075500EBA6D3 /* GridVideoViewCell.swift */,
				2E670B012C31085B00EBA6D3 /* GridVideo2xViewCell.swift */,
				2E670B192C3109C600EBA6D3 /* GridPhotoViewCell.swift */,
				2E670B1D2C310A1400EBA6D3 /* GridPhoto2xViewCell.swift */,
				2E670AED2C3106AA00EBA6D3 /* HResultSoundListViewCell.swift */,
				2E670B152C31098B00EBA6D3 /* HResultUserListViewCell.swift */,
				2E670AF32C31071300EBA6D3 /* HResultLocationListViewCell.swift */,
				2E670B092C3108D600EBA6D3 /* HResultHashtagListViewCell.swift */,
				2E670AFF2C31082B00EBA6D3 /* HResultPostListViewCell.swift */,
				2E670B112C31094A00EBA6D3 /* VCAViewCell.swift */,
				2E670B132C31096B00EBA6D3 /* VCBViewCell.swift */,
				2E670B0F2C31092B00EBA6D3 /* HPostListAViewCell.swift */,
				2E670AF12C3106EF00EBA6D3 /* HPostListBViewCell.swift */,
				2E670B172C3109AA00EBA6D3 /* HPhotoListAViewCell.swift */,
				2E670AF52C31073200EBA6D3 /* HPhotoListBViewCell.swift */,
				2E670B072C3108B800EBA6D3 /* HCommentListViewCell.swift */,
				2E670B0B2C3108F200EBA6D3 /* HUsersListViewCell.swift */,
				2E670AFB2C3107F100EBA6D3 /* HPlacesListViewCell.swift */,
				2E670B1F2C310A3500EBA6D3 /* HNotifyChatListViewCell.swift */,
				2E670B0D2C31091000EBA6D3 /* HNotifyInboxListViewCell.swift */,
				2E670B052C31089800EBA6D3 /* GridPhotoRollViewCell.swift */,
				2E670B032C31087800EBA6D3 /* GridVideoRollViewCell.swift */,
			);
			path = ViewCells;
			sourceTree = "<group>";
		};
		2E670B212C311FD600EBA6D3 /* ScrollFeedCells */ = {
			isa = PBXGroup;
			children = (
				2E670B512C3123C800EBA6D3 /* ScrollFeedHResultLocationListCell.swift */,
				2E670B672C31259200EBA6D3 /* ScrollFeedHResultUserListCell.swift */,
				2E670B532C3123E800EBA6D3 /* ScrollFeedHResultSoundListCell.swift */,
				2E670B6D2C3125F000EBA6D3 /* ScrollFeedHResultHashtagListCell.swift */,
				2E670B692C3125AC00EBA6D3 /* ScrollFeedHResultMainListCell.swift */,
				2E670B592C31245800EBA6D3 /* ScrollFeedHResultPhotoListCell.swift */,
				2E670B712C31262A00EBA6D3 /* ScrollFeedHResultVideoListCell.swift */,
				2E670B6B2C3125D400EBA6D3 /* ScrollFeedHResultPostListCell.swift */,
				2E670B5D2C3124A700EBA6D3 /* ScrollFeedCell.swift */,
				2E670B552C31240700EBA6D3 /* ScrollFeedVideoCell.swift */,
				2E670B612C31250100EBA6D3 /* ScrollFeedHPostListCell.swift */,
				2E670B5F2C3124E000EBA6D3 /* ScrollFeedHPhotoListCell.swift */,
				2E670B632C31255C00EBA6D3 /* ScrollFeedHNotifyChatListCell.swift */,
				2E670B652C31257700EBA6D3 /* ScrollFeedHNotifyInboxListCell.swift */,
				2E670B732C31264700EBA6D3 /* ScrollFeedGridVideo3xViewCell.swift */,
				2E670B6F2C31260F00EBA6D3 /* ScrollFeedGridVideo2xViewCell.swift */,
				2E670B572C31243A00EBA6D3 /* ScrollFeedGridPhoto2xViewCell.swift */,
				2E670B5B2C31248400EBA6D3 /* ScrollFeedGridPhoto3xViewCell.swift */,
			);
			path = ScrollFeedCells;
			sourceTree = "<group>";
		};
		2E670B222C311FF800EBA6D3 /* CustomViews */ = {
			isa = PBXGroup;
			children = (
				2E670B232C31203300EBA6D3 /* SpinLoader.swift */,
				2E670B272C3120DF00EBA6D3 /* PulseWave.swift */,
				2E670B2F2C31216F00EBA6D3 /* SGestureScrollView.swift */,
				2E670B252C3120BB00EBA6D3 /* QueueableView.swift */,
				2E670B2B2C31212600EBA6D3 /* PlaceMarker.swift */,
				2E670B3B2C31224900EBA6D3 /* GetStorageMsg.swift */,
				2E670B492C31232700EBA6D3 /* SoundMarker.swift */,
				2E670B332C3121B100EBA6D3 /* PageBubbleIndicator.swift */,
				2E670B3D2C31226700EBA6D3 /* ExitVideoEditorMsg.swift */,
				2E670B4F2C31238100EBA6D3 /* ExploreMarker.swift */,
				2E670B4B2C31234500EBA6D3 /* MiniApp.swift */,
				2EBFCBA62C7DC93500EA9169 /* CustomImageView.swift */,
				2E670B452C3122E300EBA6D3 /* UserMarker.swift */,
				2EADB52A2C4159B70023B7F2 /* SignoutProgressView.swift */,
				2E670B4D2C31236400EBA6D3 /* Marker.swift */,
				2E670B2D2C31215000EBA6D3 /* GetCameraMsg.swift */,
				2EADB53E2C6E41D80023B7F2 /* ErrorUploadCommentMsgView.swift */,
				2E670B372C3121FB00EBA6D3 /* PlaceAMarker.swift */,
				2E670B3F2C31228900EBA6D3 /* GetLocationMsg.swift */,
				2E670B472C31230000EBA6D3 /* PlaceBMarker.swift */,
				2E670B432C3122C200EBA6D3 /* LocationPinMarker.swift */,
				2E670B412C3122A700EBA6D3 /* TabStack.swift */,
				2E670B352C3121D700EBA6D3 /* SavePlaceDraftMsg.swift */,
				2E670B392C31222A00EBA6D3 /* MapZoomView.swift */,
				2E670B292C3120FE00EBA6D3 /* SavePostDraftMsg.swift */,
				2E670B312C31219200EBA6D3 /* LiveLMarker.swift */,
			);
			path = CustomViews;
			sourceTree = "<group>";
		};
		2E670B752C3126A900EBA6D3 /* CustomCells */ = {
			isa = PBXGroup;
			children = (
				2E670AC42C31018B00EBA6D3 /* MultiSelectedCell.swift */,
				2E670B762C3126C900EBA6D3 /* PostClipPhotoCell.swift */,
				2E670AFD2C31080E00EBA6D3 /* VGridColumnViewCell.swift */,
				2E670B1B2C3109EC00EBA6D3 /* DiscoverColumnViewCell.swift */,
				2EBFCBA42C7B260600EA9169 /* ContentCell.swift */,
				2E670B8E2C31288100EBA6D3 /* MeCell.swift */,
			);
			path = CustomCells;
			sourceTree = "<group>";
		};
		2E670B782C3126FA00EBA6D3 /* CustomShapes */ = {
			isa = PBXGroup;
			children = (
				2E670B792C31271000EBA6D3 /* TriangleView.swift */,
				2E670B7D2C31275400EBA6D3 /* ShadowView.swift */,
				2E670B7F2C31277400EBA6D3 /* RingView.swift */,
				2E670B7B2C31273200EBA6D3 /* OvalView.swift */,
			);
			path = CustomShapes;
			sourceTree = "<group>";
		};
		2E670B812C3127B200EBA6D3 /* HighlightCells */ = {
			isa = PBXGroup;
			children = (
				2E670B822C3127CA00EBA6D3 /* JobHighlightCell.swift */,
				2E670B862C31280E00EBA6D3 /* BookHighlightCell.swift */,
				2E670B882C31282800EBA6D3 /* HighlightBox.swift */,
				2E670B8C2C31286500EBA6D3 /* HighlightCell.swift */,
				2E670B8A2C31284800EBA6D3 /* RankHighlightCell.swift */,
				2E670B842C3127F100EBA6D3 /* ShopHighlightCell.swift */,
			);
			path = HighlightCells;
			sourceTree = "<group>";
		};
		2E670B902C31289E00EBA6D3 /* Models */ = {
			isa = PBXGroup;
			children = (
				2E670B912C3128B900EBA6D3 /* QueueObject.swift */,
				2E670B952C3128F500EBA6D3 /* SubtitleClip.swift */,
				2E670B972C31291100EBA6D3 /* AudioClip.swift */,
				2E670B992C31292F00EBA6D3 /* VideoClip.swift */,
				2E670B9B2C31294B00EBA6D3 /* GeoData.swift */,
				2E670B932C3128D300EBA6D3 /* PostData.swift */,
			);
			path = Models;
			sourceTree = "<group>";
		};
		2EF15C1A2C3A2BA400B63907 /* Manager */ = {
			isa = PBXGroup;
			children = (
				2E670A952C30486B00EBA6D3 /* DataFetchManager.swift */,
				2E670A852C30448D00EBA6D3 /* CacheManager.swift */,
				2E670A892C30471700EBA6D3 /* SignInManager.swift */,
				2E670A932C30484000EBA6D3 /* APICaller.swift */,
			);
			path = Manager;
			sourceTree = "<group>";
		};
		3F547BBAAA474CD50C35558E /* Pods */ = {
			isa = PBXGroup;
			children = (
				8FF00F2FE6845908F1AA29DE /* Pods-MiniProject.debug.xcconfig */,
				8E8FDD7B5A32B613FBBD6779 /* Pods-MiniProject.release.xcconfig */,
			);
			path = Pods;
			sourceTree = "<group>";
		};
		79984C417DA90C347B0B8153 /* Frameworks */ = {
			isa = PBXGroup;
			children = (
				AC1D4569B6E7DBC2F6F78A70 /* Pods_MiniProject.framework */,
			);
			name = Frameworks;
			sourceTree = "<group>";
		};
/* End PBXGroup section */

/* Begin PBXNativeTarget section */
		2E670A6B2C2D55FF00EBA6D3 /* MiniProject */ = {
			isa = PBXNativeTarget;
			buildConfigurationList = 2E670A802C2D560000EBA6D3 /* Build configuration list for PBXNativeTarget "MiniProject" */;
			buildPhases = (
				F649CE01D6059C287368A6C7 /* [CP] Check Pods Manifest.lock */,
				2E670A682C2D55FF00EBA6D3 /* Sources */,
				2E670A692C2D55FF00EBA6D3 /* Frameworks */,
				2E670A6A2C2D55FF00EBA6D3 /* Resources */,
				8DD704D1D9A9DAE325ADB34B /* [CP] Copy Pods Resources */,
				9013D6EAF05C7F8E31D8F7C3 /* [CP] Embed Pods Frameworks */,
			);
			buildRules = (
			);
			dependencies = (
			);
			name = MiniProject;
			productName = MiniProject;
			productReference = 2E670A6C2C2D55FF00EBA6D3 /* MiniProject.app */;
			productType = "com.apple.product-type.application";
		};
/* End PBXNativeTarget section */

/* Begin PBXProject section */
		2E670A642C2D55FF00EBA6D3 /* Project object */ = {
			isa = PBXProject;
			attributes = {
				BuildIndependentTargetsInParallel = 1;
				LastSwiftUpdateCheck = 1540;
				LastUpgradeCheck = 1540;
				TargetAttributes = {
					2E670A6B2C2D55FF00EBA6D3 = {
						CreatedOnToolsVersion = 15.4;
					};
				};
			};
			buildConfigurationList = 2E670A672C2D55FF00EBA6D3 /* Build configuration list for PBXProject "MiniProject" */;
			compatibilityVersion = "Xcode 14.0";
			developmentRegion = en;
			hasScannedForEncodings = 0;
			knownRegions = (
				en,
				Base,
			);
			mainGroup = 2E670A632C2D55FF00EBA6D3;
			productRefGroup = 2E670A6D2C2D55FF00EBA6D3 /* Products */;
			projectDirPath = "";
			projectRoot = "";
			targets = (
				2E670A6B2C2D55FF00EBA6D3 /* MiniProject */,
			);
		};
/* End PBXProject section */

/* Begin PBXResourcesBuildPhase section */
		2E670A6A2C2D55FF00EBA6D3 /* Resources */ = {
			isa = PBXResourcesBuildPhase;
			buildActionMask = 2147483647;
			files = (
				2E670A792C2D560000EBA6D3 /* Assets.xcassets in Resources */,
				2E670A7C2C2D560000EBA6D3 /* Base in Resources */,
				2E670A842C2DA35700EBA6D3 /* Podfile in Resources */,
				2E670A772C2D55FF00EBA6D3 /* Base in Resources */,
			);
			runOnlyForDeploymentPostprocessing = 0;
		};
/* End PBXResourcesBuildPhase section */

/* Begin PBXShellScriptBuildPhase section */
		8DD704D1D9A9DAE325ADB34B /* [CP] Copy Pods Resources */ = {
			isa = PBXShellScriptBuildPhase;
			buildActionMask = 2147483647;
			files = (
			);
			inputFileListPaths = (
				"${PODS_ROOT}/Target Support Files/Pods-MiniProject/Pods-MiniProject-resources-${CONFIGURATION}-input-files.xcfilelist",
			);
			name = "[CP] Copy Pods Resources";
			outputFileListPaths = (
				"${PODS_ROOT}/Target Support Files/Pods-MiniProject/Pods-MiniProject-resources-${CONFIGURATION}-output-files.xcfilelist",
			);
			runOnlyForDeploymentPostprocessing = 0;
			shellPath = /bin/sh;
			shellScript = "\"${PODS_ROOT}/Target Support Files/Pods-MiniProject/Pods-MiniProject-resources.sh\"\n";
			showEnvVarsInLog = 0;
		};
		9013D6EAF05C7F8E31D8F7C3 /* [CP] Embed Pods Frameworks */ = {
			isa = PBXShellScriptBuildPhase;
			buildActionMask = 2147483647;
			files = (
			);
			inputFileListPaths = (
				"${PODS_ROOT}/Target Support Files/Pods-MiniProject/Pods-MiniProject-frameworks-${CONFIGURATION}-input-files.xcfilelist",
			);
			name = "[CP] Embed Pods Frameworks";
			outputFileListPaths = (
				"${PODS_ROOT}/Target Support Files/Pods-MiniProject/Pods-MiniProject-frameworks-${CONFIGURATION}-output-files.xcfilelist",
			);
			runOnlyForDeploymentPostprocessing = 0;
			shellPath = /bin/sh;
			shellScript = "\"${PODS_ROOT}/Target Support Files/Pods-MiniProject/Pods-MiniProject-frameworks.sh\"\n";
			showEnvVarsInLog = 0;
		};
		F649CE01D6059C287368A6C7 /* [CP] Check Pods Manifest.lock */ = {
			isa = PBXShellScriptBuildPhase;
			buildActionMask = 2147483647;
			files = (
			);
			inputFileListPaths = (
			);
			inputPaths = (
				"${PODS_PODFILE_DIR_PATH}/Podfile.lock",
				"${PODS_ROOT}/Manifest.lock",
			);
			name = "[CP] Check Pods Manifest.lock";
			outputFileListPaths = (
			);
			outputPaths = (
				"$(DERIVED_FILE_DIR)/Pods-MiniProject-checkManifestLockResult.txt",
			);
			runOnlyForDeploymentPostprocessing = 0;
			shellPath = /bin/sh;
			shellScript = "diff \"${PODS_PODFILE_DIR_PATH}/Podfile.lock\" \"${PODS_ROOT}/Manifest.lock\" > /dev/null\nif [ $? != 0 ] ; then\n    # print error to STDERR\n    echo \"error: The sandbox is not in sync with the Podfile.lock. Run 'pod install' or update your CocoaPods installation.\" >&2\n    exit 1\nfi\n# This output is used by Xcode 'outputs' to avoid re-running this script phase.\necho \"SUCCESS\" > \"${SCRIPT_OUTPUT_FILE_0}\"\n";
			showEnvVarsInLog = 0;
		};
/* End PBXShellScriptBuildPhase section */

/* Begin PBXSourcesBuildPhase section */
		2E670A682C2D55FF00EBA6D3 /* Sources */ = {
			isa = PBXSourcesBuildPhase;
			buildActionMask = 2147483647;
			files = (
				2E670AFE2C31080E00EBA6D3 /* VGridColumnViewCell.swift in Sources */,
				2EADB52B2C4159B70023B7F2 /* SignoutProgressView.swift in Sources */,
				2E670B3C2C31224900EBA6D3 /* GetStorageMsg.swift in Sources */,
				2E670B462C3122E300EBA6D3 /* UserMarker.swift in Sources */,
				2E670AC72C3101AE00EBA6D3 /* CameraPhotoRollPanelView.swift in Sources */,
				2E670B1C2C3109EC00EBA6D3 /* DiscoverColumnViewCell.swift in Sources */,
				2E670B8B2C31284800EBA6D3 /* RankHighlightCell.swift in Sources */,
				2E670B622C31250100EBA6D3 /* ScrollFeedHPostListCell.swift in Sources */,
				2E670B872C31280E00EBA6D3 /* BookHighlightCell.swift in Sources */,
				2E670B4E2C31236400EBA6D3 /* Marker.swift in Sources */,
				2E670B6C2C3125D400EBA6D3 /* ScrollFeedHResultPostListCell.swift in Sources */,
				2E670A9F2C30FDA200EBA6D3 /* CreateAccountEmailPanelView.swift in Sources */,
				2E670B082C3108B800EBA6D3 /* HCommentListViewCell.swift in Sources */,
				2E670B772C3126C900EBA6D3 /* PostClipPhotoCell.swift in Sources */,
				2E670B892C31282800EBA6D3 /* HighlightBox.swift in Sources */,
				2E670ADD2C31035100EBA6D3 /* PhotoDetailPanelView.swift in Sources */,
				2E670A962C30486B00EBA6D3 /* DataFetchManager.swift in Sources */,
				2E670B442C3122C200EBA6D3 /* LocationPinMarker.swift in Sources */,
				2E670B1A2C3109C600EBA6D3 /* GridPhotoViewCell.swift in Sources */,
				2E670AE32C3103DD00EBA6D3 /* PostDetailPanelView.swift in Sources */,
				2E670AD72C3102E700EBA6D3 /* CommentScrollableView.swift in Sources */,
				2E670B682C31259200EBA6D3 /* ScrollFeedHResultUserListCell.swift in Sources */,
				2EADB5352C4BE3240023B7F2 /* MeLikeListPanelView.swift in Sources */,
				2E670B7C2C31273200EBA6D3 /* OvalView.swift in Sources */,
				2E670AE92C31043900EBA6D3 /* NotifyPanelView.swift in Sources */,
				2E670B6A2C3125AC00EBA6D3 /* ScrollFeedHResultMainListCell.swift in Sources */,
				2E670AC12C31013F00EBA6D3 /* CameraVideoRollPanelView.swift in Sources */,
				2E670AA92C30FEF900EBA6D3 /* PhotoEditorPanelView.swift in Sources */,
				2E670A862C30448D00EBA6D3 /* CacheManager.swift in Sources */,
				2E670B0A2C3108D600EBA6D3 /* HResultHashtagListViewCell.swift in Sources */,
				2EADB5372C4BE9220023B7F2 /* MeLocationListPanelView.swift in Sources */,
				2E670B2C2C31212600EBA6D3 /* PlaceMarker.swift in Sources */,
				2E670A902C3047D500EBA6D3 /* GeohashBox.swift in Sources */,
				2E670ADB2C31033300EBA6D3 /* PhotoFinalizePanelView.swift in Sources */,
				2E670B5C2C31248400EBA6D3 /* ScrollFeedGridPhoto3xViewCell.swift in Sources */,
				2E670B162C31098B00EBA6D3 /* HResultUserListViewCell.swift in Sources */,
				2EADB53B2C4BF59F0023B7F2 /* MePhotoListPanelView.swift in Sources */,
				2E670B602C3124E000EBA6D3 /* ScrollFeedHPhotoListCell.swift in Sources */,
				2E670B042C31087800EBA6D3 /* GridVideoRollViewCell.swift in Sources */,
				2E670B362C3121D700EBA6D3 /* SavePlaceDraftMsg.swift in Sources */,
				2E670B422C3122A700EBA6D3 /* TabStack.swift in Sources */,
				2EBFCBA32C7B08A100EA9169 /* ShareObjectScrollableView.swift in Sources */,
				2E670B302C31216F00EBA6D3 /* SGestureScrollView.swift in Sources */,
				2E670AEE2C3106AA00EBA6D3 /* HResultSoundListViewCell.swift in Sources */,
				2E670B852C3127F100EBA6D3 /* ShopHighlightCell.swift in Sources */,
				2E670A9D2C30FCCF00EBA6D3 /* ShareSheetScrollableView.swift in Sources */,
				2E670A8E2C30479E00EBA6D3 /* Colors.swift in Sources */,
				2E670AE72C31041B00EBA6D3 /* MePanelView.swift in Sources */,
				2EADB52F2C4A9FA10023B7F2 /* MeFollowListPanelView.swift in Sources */,
				2E670B7E2C31275400EBA6D3 /* ShadowView.swift in Sources */,
				2E670AB32C30FFE600EBA6D3 /* PlaceDraftPanelView.swift in Sources */,
				2E670B4C2C31234500EBA6D3 /* MiniApp.swift in Sources */,
				2E670B6E2C3125F000EBA6D3 /* ScrollFeedHResultHashtagListCell.swift in Sources */,
				2E670AB72C31006000EBA6D3 /* CreatorPanelView.swift in Sources */,
				2E670B832C3127CA00EBA6D3 /* JobHighlightCell.swift in Sources */,
				2E670AE52C3103FB00EBA6D3 /* SearchPanelView.swift in Sources */,
				2E670ACD2C31023D00EBA6D3 /* PlaceSelectPanelView.swift in Sources */,
				2E670B662C31257700EBA6D3 /* ScrollFeedHNotifyInboxListCell.swift in Sources */,
				2E670B282C3120DF00EBA6D3 /* PulseWave.swift in Sources */,
				2EADB5332C4BD8CC0023B7F2 /* MeBookmarkListPanelView.swift in Sources */,
				2E670B1E2C310A1400EBA6D3 /* GridPhoto2xViewCell.swift in Sources */,
				2E670A8C2C30476000EBA6D3 /* StrokeUILabel.swift in Sources */,
				2E670B3E2C31226700EBA6D3 /* ExitVideoEditorMsg.swift in Sources */,
				2E670AF22C3106EF00EBA6D3 /* HPostListBViewCell.swift in Sources */,
				2E670AF62C31073200EBA6D3 /* HPhotoListBViewCell.swift in Sources */,
				2E670B642C31255C00EBA6D3 /* ScrollFeedHNotifyChatListCell.swift in Sources */,
				2E670B702C31260F00EBA6D3 /* ScrollFeedGridVideo2xViewCell.swift in Sources */,
				2E670AC52C31018B00EBA6D3 /* MultiSelectedCell.swift in Sources */,
				2E670ABF2C31010A00EBA6D3 /* VideoCreatorConsolePanelView.swift in Sources */,
				2E670ACB2C31021300EBA6D3 /* SoundScrollablePanelView.swift in Sources */,
				2E670ADF2C3103A200EBA6D3 /* LoginPanelView.swift in Sources */,
				2E670B2E2C31215000EBA6D3 /* GetCameraMsg.swift in Sources */,
				2E670B242C31203300EBA6D3 /* SpinLoader.swift in Sources */,
				2E670B002C31082B00EBA6D3 /* HResultPostListViewCell.swift in Sources */,
				2E670B542C3123E800EBA6D3 /* ScrollFeedHResultSoundListCell.swift in Sources */,
				2E670AB12C30FFBE00EBA6D3 /* VideoFinalizePanelView.swift in Sources */,
				2E670AAB2C30FF2500EBA6D3 /* VideoEditorPanelView.swift in Sources */,
				2E670B0C2C3108F200EBA6D3 /* HUsersListViewCell.swift in Sources */,
				2E670A882C3046D500EBA6D3 /* Regex.swift in Sources */,
				2E670B4A2C31232700EBA6D3 /* SoundMarker.swift in Sources */,
				2E670B962C3128F500EBA6D3 /* SubtitleClip.swift in Sources */,
				2E670B2A2C3120FE00EBA6D3 /* SavePostDraftMsg.swift in Sources */,
				2E670B562C31240700EBA6D3 /* ScrollFeedVideoCell.swift in Sources */,
				2E670B742C31264700EBA6D3 /* ScrollFeedGridVideo3xViewCell.swift in Sources */,
				2E670A742C2D55FF00EBA6D3 /* ViewController.swift in Sources */,
				2E670AAD2C30FF5000EBA6D3 /* PhotoCreatorConsolePanelView.swift in Sources */,
				2E670AA32C30FE4A00EBA6D3 /* VideoPanelView.swift in Sources */,
				2E670B342C3121B100EBA6D3 /* PageBubbleIndicator.swift in Sources */,
				2E670B7A2C31271000EBA6D3 /* TriangleView.swift in Sources */,
				2E670AE12C3103C000EBA6D3 /* PlaceScrollablePanelView.swift in Sources */,
				2E670B322C31219200EBA6D3 /* LiveLMarker.swift in Sources */,
				2E670B482C31230000EBA6D3 /* PlaceBMarker.swift in Sources */,
				2E670B062C31089800EBA6D3 /* GridPhotoRollViewCell.swift in Sources */,
				2E670B182C3109AA00EBA6D3 /* HPhotoListAViewCell.swift in Sources */,
				2E670B0E2C31091000EBA6D3 /* HNotifyInboxListViewCell.swift in Sources */,
				2E670B382C3121FB00EBA6D3 /* PlaceAMarker.swift in Sources */,
				2E670B8F2C31288100EBA6D3 /* MeCell.swift in Sources */,
				2E670AF82C31075500EBA6D3 /* GridVideoViewCell.swift in Sources */,
				2E670ABD2C3100D300EBA6D3 /* ScrollablePanelView.swift in Sources */,
				2E670B8D2C31286500EBA6D3 /* HighlightCell.swift in Sources */,
				2EBFCBA72C7DC93500EA9169 /* CustomImageView.swift in Sources */,
				2E670A9B2C30FC8500EBA6D3 /* PanelView.swift in Sources */,
				2E670B5E2C3124A700EBA6D3 /* ScrollFeedCell.swift in Sources */,
				2EADB53F2C6E41D80023B7F2 /* ErrorUploadCommentMsgView.swift in Sources */,
				2EADB52D2C44011B0023B7F2 /* HSingleLocationViewCell.swift in Sources */,
				2EADB53D2C4BF5F40023B7F2 /* MeVideoListPanelView.swift in Sources */,
				2EADB5312C4BB1DB0023B7F2 /* MeHistoryListPanelView.swift in Sources */,
				2E670A8A2C30471700EBA6D3 /* SignInManager.swift in Sources */,
				2E670AB92C31008400EBA6D3 /* PhotoDraftPanelView.swift in Sources */,
				2E670B022C31085B00EBA6D3 /* GridVideo2xViewCell.swift in Sources */,
				2E670A922C30480B00EBA6D3 /* Geohash.swift in Sources */,
				2E670B5A2C31245800EBA6D3 /* ScrollFeedHResultPhotoListCell.swift in Sources */,
				2E670B102C31092B00EBA6D3 /* HPostListAViewCell.swift in Sources */,
				2EBFCBA52C7B260600EA9169 /* ContentCell.swift in Sources */,
				2E670B942C3128D300EBA6D3 /* PostData.swift in Sources */,
				2E670AA52C30FE9A00EBA6D3 /* VideoDraftPanelView.swift in Sources */,
				2E670AD52C3102C700EBA6D3 /* UsersMiniScrollablePanelView.swift in Sources */,
				2E670B262C3120BB00EBA6D3 /* QueueableView.swift in Sources */,
				2E670A982C3048CA00EBA6D3 /* Constant.swift in Sources */,
				2E670AFC2C3107F100EBA6D3 /* HPlacesListViewCell.swift in Sources */,
				2E670AAF2C30FF8F00EBA6D3 /* VideoPreviewPanelView.swift in Sources */,
				2E670A942C30484000EBA6D3 /* APICaller.swift in Sources */,
				2E670B9A2C31292F00EBA6D3 /* VideoClip.swift in Sources */,
				2E670B522C3123C800EBA6D3 /* ScrollFeedHResultLocationListCell.swift in Sources */,
				2E670AF42C31071300EBA6D3 /* HResultLocationListViewCell.swift in Sources */,
				2E670B802C31277400EBA6D3 /* RingView.swift in Sources */,
				2E670B982C31291100EBA6D3 /* AudioClip.swift in Sources */,
				2E670AD12C31028200EBA6D3 /* PhotoPanelView.swift in Sources */,
				2E670A702C2D55FF00EBA6D3 /* AppDelegate.swift in Sources */,
				2E670B202C310A3500EBA6D3 /* HNotifyChatListViewCell.swift in Sources */,
				2E670B722C31262A00EBA6D3 /* ScrollFeedHResultVideoListCell.swift in Sources */,
				2E670AD92C31030900EBA6D3 /* PlaceCreatorConsolePanelView.swift in Sources */,
				2E670ACF2C31026100EBA6D3 /* PostCreatorConsolePanelView.swift in Sources */,
				2E670B922C3128B900EBA6D3 /* QueueObject.swift in Sources */,
				2E670B3A2C31222A00EBA6D3 /* MapZoomView.swift in Sources */,
				2E670AA72C30FED000EBA6D3 /* PostDraftPanelView.swift in Sources */,
				2E670B502C31238100EBA6D3 /* ExploreMarker.swift in Sources */,
				2E670B402C31228900EBA6D3 /* GetLocationMsg.swift in Sources */,
				2E670AB52C31001500EBA6D3 /* LocationSelectScrollablePanelView.swift in Sources */,
				2E670ABB2C3100AB00EBA6D3 /* CreateSelectPanelView.swift in Sources */,
				2E670AC92C3101CD00EBA6D3 /* PlacesMiniScrollablePanelView.swift in Sources */,
				2E670AA12C30FE1300EBA6D3 /* PhotoZoomPanelView.swift in Sources */,
				2E670B9C2C31294B00EBA6D3 /* GeoData.swift in Sources */,
				2E670B582C31243A00EBA6D3 /* ScrollFeedGridPhoto2xViewCell.swift in Sources */,
				2E670B142C31096B00EBA6D3 /* VCBViewCell.swift in Sources */,
				2E670AD32C3102A600EBA6D3 /* UserCreatorConsolePanelView.swift in Sources */,
				2E670AEB2C31045900EBA6D3 /* UserScrollablePanelView.swift in Sources */,
				2EADB5392C4BF5310023B7F2 /* MePostListPanelView.swift in Sources */,
				2E670AF02C3106CE00EBA6D3 /* HListViewCell.swift in Sources */,
				2E670A722C2D55FF00EBA6D3 /* SceneDelegate.swift in Sources */,
				2E670AFA2C3107D200EBA6D3 /* HMultiLocationViewCell.swift in Sources */,
				2E670AC32C31016400EBA6D3 /* PostPanelView.swift in Sources */,
				2E670B122C31094A00EBA6D3 /* VCAViewCell.swift in Sources */,
			);
			runOnlyForDeploymentPostprocessing = 0;
		};
/* End PBXSourcesBuildPhase section */

/* Begin PBXVariantGroup section */
		2E670A752C2D55FF00EBA6D3 /* Main.storyboard */ = {
			isa = PBXVariantGroup;
			children = (
				2E670A762C2D55FF00EBA6D3 /* Base */,
			);
			name = Main.storyboard;
			sourceTree = "<group>";
		};
		2E670A7A2C2D560000EBA6D3 /* LaunchScreen.storyboard */ = {
			isa = PBXVariantGroup;
			children = (
				2E670A7B2C2D560000EBA6D3 /* Base */,
			);
			name = LaunchScreen.storyboard;
			sourceTree = "<group>";
		};
/* End PBXVariantGroup section */

/* Begin XCBuildConfiguration section */
		2E670A7E2C2D560000EBA6D3 /* Debug */ = {
			isa = XCBuildConfiguration;
			buildSettings = {
				ALWAYS_SEARCH_USER_PATHS = NO;
				ASSETCATALOG_COMPILER_GENERATE_SWIFT_ASSET_SYMBOL_EXTENSIONS = YES;
				CLANG_ANALYZER_NONNULL = YES;
				CLANG_ANALYZER_NUMBER_OBJECT_CONVERSION = YES_AGGRESSIVE;
				CLANG_CXX_LANGUAGE_STANDARD = "gnu++20";
				CLANG_ENABLE_MODULES = YES;
				CLANG_ENABLE_OBJC_ARC = YES;
				CLANG_ENABLE_OBJC_WEAK = YES;
				CLANG_WARN_BLOCK_CAPTURE_AUTORELEASING = YES;
				CLANG_WARN_BOOL_CONVERSION = YES;
				CLANG_WARN_COMMA = YES;
				CLANG_WARN_CONSTANT_CONVERSION = YES;
				CLANG_WARN_DEPRECATED_OBJC_IMPLEMENTATIONS = YES;
				CLANG_WARN_DIRECT_OBJC_ISA_USAGE = YES_ERROR;
				CLANG_WARN_DOCUMENTATION_COMMENTS = YES;
				CLANG_WARN_EMPTY_BODY = YES;
				CLANG_WARN_ENUM_CONVERSION = YES;
				CLANG_WARN_INFINITE_RECURSION = YES;
				CLANG_WARN_INT_CONVERSION = YES;
				CLANG_WARN_NON_LITERAL_NULL_CONVERSION = YES;
				CLANG_WARN_OBJC_IMPLICIT_RETAIN_SELF = YES;
				CLANG_WARN_OBJC_LITERAL_CONVERSION = YES;
				CLANG_WARN_OBJC_ROOT_CLASS = YES_ERROR;
				CLANG_WARN_QUOTED_INCLUDE_IN_FRAMEWORK_HEADER = YES;
				CLANG_WARN_RANGE_LOOP_ANALYSIS = YES;
				CLANG_WARN_STRICT_PROTOTYPES = YES;
				CLANG_WARN_SUSPICIOUS_MOVE = YES;
				CLANG_WARN_UNGUARDED_AVAILABILITY = YES_AGGRESSIVE;
				CLANG_WARN_UNREACHABLE_CODE = YES;
				CLANG_WARN__DUPLICATE_METHOD_MATCH = YES;
				COPY_PHASE_STRIP = NO;
				DEBUG_INFORMATION_FORMAT = dwarf;
				ENABLE_STRICT_OBJC_MSGSEND = YES;
				ENABLE_TESTABILITY = YES;
				ENABLE_USER_SCRIPT_SANDBOXING = YES;
				GCC_C_LANGUAGE_STANDARD = gnu17;
				GCC_DYNAMIC_NO_PIC = NO;
				GCC_NO_COMMON_BLOCKS = YES;
				GCC_OPTIMIZATION_LEVEL = 0;
				GCC_PREPROCESSOR_DEFINITIONS = (
					"DEBUG=1",
					"$(inherited)",
				);
				GCC_WARN_64_TO_32_BIT_CONVERSION = YES;
				GCC_WARN_ABOUT_RETURN_TYPE = YES_ERROR;
				GCC_WARN_UNDECLARED_SELECTOR = YES;
				GCC_WARN_UNINITIALIZED_AUTOS = YES_AGGRESSIVE;
				GCC_WARN_UNUSED_FUNCTION = YES;
				GCC_WARN_UNUSED_VARIABLE = YES;
				IPHONEOS_DEPLOYMENT_TARGET = 17.5;
				LOCALIZATION_PREFERS_STRING_CATALOGS = YES;
				MTL_ENABLE_DEBUG_INFO = INCLUDE_SOURCE;
				MTL_FAST_MATH = YES;
				ONLY_ACTIVE_ARCH = YES;
				SDKROOT = iphoneos;
				SWIFT_ACTIVE_COMPILATION_CONDITIONS = "DEBUG $(inherited)";
				SWIFT_OPTIMIZATION_LEVEL = "-Onone";
			};
			name = Debug;
		};
		2E670A7F2C2D560000EBA6D3 /* Release */ = {
			isa = XCBuildConfiguration;
			buildSettings = {
				ALWAYS_SEARCH_USER_PATHS = NO;
				ASSETCATALOG_COMPILER_GENERATE_SWIFT_ASSET_SYMBOL_EXTENSIONS = YES;
				CLANG_ANALYZER_NONNULL = YES;
				CLANG_ANALYZER_NUMBER_OBJECT_CONVERSION = YES_AGGRESSIVE;
				CLANG_CXX_LANGUAGE_STANDARD = "gnu++20";
				CLANG_ENABLE_MODULES = YES;
				CLANG_ENABLE_OBJC_ARC = YES;
				CLANG_ENABLE_OBJC_WEAK = YES;
				CLANG_WARN_BLOCK_CAPTURE_AUTORELEASING = YES;
				CLANG_WARN_BOOL_CONVERSION = YES;
				CLANG_WARN_COMMA = YES;
				CLANG_WARN_CONSTANT_CONVERSION = YES;
				CLANG_WARN_DEPRECATED_OBJC_IMPLEMENTATIONS = YES;
				CLANG_WARN_DIRECT_OBJC_ISA_USAGE = YES_ERROR;
				CLANG_WARN_DOCUMENTATION_COMMENTS = YES;
				CLANG_WARN_EMPTY_BODY = YES;
				CLANG_WARN_ENUM_CONVERSION = YES;
				CLANG_WARN_INFINITE_RECURSION = YES;
				CLANG_WARN_INT_CONVERSION = YES;
				CLANG_WARN_NON_LITERAL_NULL_CONVERSION = YES;
				CLANG_WARN_OBJC_IMPLICIT_RETAIN_SELF = YES;
				CLANG_WARN_OBJC_LITERAL_CONVERSION = YES;
				CLANG_WARN_OBJC_ROOT_CLASS = YES_ERROR;
				CLANG_WARN_QUOTED_INCLUDE_IN_FRAMEWORK_HEADER = YES;
				CLANG_WARN_RANGE_LOOP_ANALYSIS = YES;
				CLANG_WARN_STRICT_PROTOTYPES = YES;
				CLANG_WARN_SUSPICIOUS_MOVE = YES;
				CLANG_WARN_UNGUARDED_AVAILABILITY = YES_AGGRESSIVE;
				CLANG_WARN_UNREACHABLE_CODE = YES;
				CLANG_WARN__DUPLICATE_METHOD_MATCH = YES;
				COPY_PHASE_STRIP = NO;
				DEBUG_INFORMATION_FORMAT = "dwarf-with-dsym";
				ENABLE_NS_ASSERTIONS = NO;
				ENABLE_STRICT_OBJC_MSGSEND = YES;
				ENABLE_USER_SCRIPT_SANDBOXING = YES;
				GCC_C_LANGUAGE_STANDARD = gnu17;
				GCC_NO_COMMON_BLOCKS = YES;
				GCC_WARN_64_TO_32_BIT_CONVERSION = YES;
				GCC_WARN_ABOUT_RETURN_TYPE = YES_ERROR;
				GCC_WARN_UNDECLARED_SELECTOR = YES;
				GCC_WARN_UNINITIALIZED_AUTOS = YES_AGGRESSIVE;
				GCC_WARN_UNUSED_FUNCTION = YES;
				GCC_WARN_UNUSED_VARIABLE = YES;
				IPHONEOS_DEPLOYMENT_TARGET = 17.5;
				LOCALIZATION_PREFERS_STRING_CATALOGS = YES;
				MTL_ENABLE_DEBUG_INFO = NO;
				MTL_FAST_MATH = YES;
				SDKROOT = iphoneos;
				SWIFT_COMPILATION_MODE = wholemodule;
				VALIDATE_PRODUCT = YES;
			};
			name = Release;
		};
		2E670A812C2D560000EBA6D3 /* Debug */ = {
			isa = XCBuildConfiguration;
			baseConfigurationReference = 8FF00F2FE6845908F1AA29DE /* Pods-MiniProject.debug.xcconfig */;
			buildSettings = {
				ASSETCATALOG_COMPILER_APPICON_NAME = AppIcon;
				ASSETCATALOG_COMPILER_GLOBAL_ACCENT_COLOR_NAME = AccentColor;
				CODE_SIGN_STYLE = Automatic;
				CURRENT_PROJECT_VERSION = 1;
				DEVELOPMENT_TEAM = 6C9AGPWCYH;
				ENABLE_USER_SCRIPT_SANDBOXING = NO;
				GENERATE_INFOPLIST_FILE = YES;
				INFOPLIST_FILE = MiniProject/Info.plist;
				INFOPLIST_KEY_UIApplicationSupportsIndirectInputEvents = YES;
				INFOPLIST_KEY_UILaunchStoryboardName = LaunchScreen;
				INFOPLIST_KEY_UIMainStoryboardFile = Main;
				INFOPLIST_KEY_UIStatusBarStyle = "";
				INFOPLIST_KEY_UISupportedInterfaceOrientations = UIInterfaceOrientationPortrait;
				IPHONEOS_DEPLOYMENT_TARGET = 15.0;
				LD_RUNPATH_SEARCH_PATHS = (
					"$(inherited)",
					"@executable_path/Frameworks",
				);
				MARKETING_VERSION = 1.0;
				PRODUCT_BUNDLE_IDENTIFIER = com.ddm.MiniProject;
				PRODUCT_NAME = "$(TARGET_NAME)";
				SWIFT_EMIT_LOC_STRINGS = YES;
				SWIFT_VERSION = 5.0;
				TARGETED_DEVICE_FAMILY = "1,2";
			};
			name = Debug;
		};
		2E670A822C2D560000EBA6D3 /* Release */ = {
			isa = XCBuildConfiguration;
			baseConfigurationReference = 8E8FDD7B5A32B613FBBD6779 /* Pods-MiniProject.release.xcconfig */;
			buildSettings = {
				ASSETCATALOG_COMPILER_APPICON_NAME = AppIcon;
				ASSETCATALOG_COMPILER_GLOBAL_ACCENT_COLOR_NAME = AccentColor;
				CODE_SIGN_STYLE = Automatic;
				CURRENT_PROJECT_VERSION = 1;
				DEVELOPMENT_TEAM = 6C9AGPWCYH;
				ENABLE_USER_SCRIPT_SANDBOXING = NO;
				GENERATE_INFOPLIST_FILE = YES;
				INFOPLIST_FILE = MiniProject/Info.plist;
				INFOPLIST_KEY_UIApplicationSupportsIndirectInputEvents = YES;
				INFOPLIST_KEY_UILaunchStoryboardName = LaunchScreen;
				INFOPLIST_KEY_UIMainStoryboardFile = Main;
				INFOPLIST_KEY_UIStatusBarStyle = "";
				INFOPLIST_KEY_UISupportedInterfaceOrientations = UIInterfaceOrientationPortrait;
				IPHONEOS_DEPLOYMENT_TARGET = 15.0;
				LD_RUNPATH_SEARCH_PATHS = (
					"$(inherited)",
					"@executable_path/Frameworks",
				);
				MARKETING_VERSION = 1.0;
				PRODUCT_BUNDLE_IDENTIFIER = com.ddm.MiniProject;
				PRODUCT_NAME = "$(TARGET_NAME)";
				SWIFT_EMIT_LOC_STRINGS = YES;
				SWIFT_VERSION = 5.0;
				TARGETED_DEVICE_FAMILY = "1,2";
			};
			name = Release;
		};
/* End XCBuildConfiguration section */

/* Begin XCConfigurationList section */
		2E670A672C2D55FF00EBA6D3 /* Build configuration list for PBXProject "MiniProject" */ = {
			isa = XCConfigurationList;
			buildConfigurations = (
				2E670A7E2C2D560000EBA6D3 /* Debug */,
				2E670A7F2C2D560000EBA6D3 /* Release */,
			);
			defaultConfigurationIsVisible = 0;
			defaultConfigurationName = Release;
		};
		2E670A802C2D560000EBA6D3 /* Build configuration list for PBXNativeTarget "MiniProject" */ = {
			isa = XCConfigurationList;
			buildConfigurations = (
				2E670A812C2D560000EBA6D3 /* Debug */,
				2E670A822C2D560000EBA6D3 /* Release */,
			);
			defaultConfigurationIsVisible = 0;
			defaultConfigurationName = Release;
		};
/* End XCConfigurationList section */
	};
	rootObject = 2E670A642C2D55FF00EBA6D3 /* Project object */;
}
